// !$*UTF8*$!
{
	archiveVersion = 1;
	classes = {
	};
	objectVersion = 45;
	objects = {

/* Begin PBXBuildFile section */
		1DDD58160DA1D0A300B32029 /* MainMenu.xib in Resources */ = {isa = PBXBuildFile; fileRef = 1DDD58140DA1D0A300B32029 /* MainMenu.xib */; };
		8D11072B0486CEB800E47090 /* InfoPlist.strings in Resources */ = {isa = PBXBuildFile; fileRef = 089C165CFE840E0CC02AAC07 /* InfoPlist.strings */; };
		8D11072D0486CEB800E47090 /* main.m in Sources */ = {isa = PBXBuildFile; fileRef = 29B97316FDCFA39411CA2CEA /* main.m */; settings = {ATTRIBUTES = (); }; };
		8D11072F0486CEB800E47090 /* Cocoa.framework in Frameworks */ = {isa = PBXBuildFile; fileRef = 1058C7A1FEA54F0111CA2CBB /* Cocoa.framework */; };
		92224CD60FF5786F00B1A16F /* hues_app_icon.icns in Resources */ = {isa = PBXBuildFile; fileRef = 92224CD50FF5786F00B1A16F /* hues_app_icon.icns */; };
		922CB66A12CBE2CC00DDC397 /* HuesHistoryManager.m in Sources */ = {isa = PBXBuildFile; fileRef = 922CB66912CBE2CC00DDC397 /* HuesHistoryManager.m */; };
		925B8E3A12C91EED007CE377 /* HuesPreferencesController.m in Sources */ = {isa = PBXBuildFile; fileRef = 925B8E3912C91EED007CE377 /* HuesPreferencesController.m */; };
		925B8E5612C920EF007CE377 /* BWToolkitFramework.framework in Frameworks */ = {isa = PBXBuildFile; fileRef = 925B8E5512C920EF007CE377 /* BWToolkitFramework.framework */; };
		925B8E8712C9210E007CE377 /* BWToolkitFramework.framework in CopyFiles */ = {isa = PBXBuildFile; fileRef = 925B8E5512C920EF007CE377 /* BWToolkitFramework.framework */; };
		925B8EAB12C92530007CE377 /* HuesGlobal.m in Sources */ = {isa = PBXBuildFile; fileRef = 925B8EAA12C92530007CE377 /* HuesGlobal.m */; };
		925B8EAE12C9273B007CE377 /* HuesMainController.m in Sources */ = {isa = PBXBuildFile; fileRef = 925B8EAD12C9273B007CE377 /* HuesMainController.m */; };
		925B8EE512C92E29007CE377 /* HuesColorsView.xib in Resources */ = {isa = PBXBuildFile; fileRef = 925B8EE412C92E29007CE377 /* HuesColorsView.xib */; };
		929A3F0412CD1A94000DAE2B /* NSImage+Hues.m in Sources */ = {isa = PBXBuildFile; fileRef = 929A3F0312CD1A94000DAE2B /* NSImage+Hues.m */; };
		929A427C12CD7E7B000DAE2B /* background_left.png in Resources */ = {isa = PBXBuildFile; fileRef = 929A427A12CD7E7B000DAE2B /* background_left.png */; };
		929A427D12CD7E7B000DAE2B /* background_middle.png in Resources */ = {isa = PBXBuildFile; fileRef = 929A427B12CD7E7B000DAE2B /* background_middle.png */; };
		92CD3B1212C1A05D0079E334 /* HuesPreferences.m in Sources */ = {isa = PBXBuildFile; fileRef = 92CD3B1112C1A05D0079E334 /* HuesPreferences.m */; };
		92CD3B3612C1A7BD0079E334 /* HuesPreferences.xib in Resources */ = {isa = PBXBuildFile; fileRef = 92CD3B3512C1A7BD0079E334 /* HuesPreferences.xib */; };
		BF8B135F0F4B902B00845749 /* HuesAppDelegate.m in Sources */ = {isa = PBXBuildFile; fileRef = BF8B135E0F4B902B00845749 /* HuesAppDelegate.m */; };
		BFB4704C12C1B3A700A98F6D /* NSColor+Extras.m in Sources */ = {isa = PBXBuildFile; fileRef = BFB4704B12C1B3A700A98F6D /* NSColor+Extras.m */; };
		BFB4710C12C1C1BA00A98F6D /* HuesColorsView.m in Sources */ = {isa = PBXBuildFile; fileRef = BFB4710B12C1C1BA00A98F6D /* HuesColorsView.m */; };
/* End PBXBuildFile section */

/* Begin PBXCopyFilesBuildPhase section */
		BF08C6240F9D7C42000D98E8 /* CopyFiles */ = {
			isa = PBXCopyFilesBuildPhase;
			buildActionMask = 2147483647;
			dstPath = "";
			dstSubfolderSpec = 10;
			files = (
				925B8E8712C9210E007CE377 /* BWToolkitFramework.framework in CopyFiles */,
			);
			runOnlyForDeploymentPostprocessing = 0;
		};
/* End PBXCopyFilesBuildPhase section */

/* Begin PBXFileReference section */
		089C165DFE840E0CC02AAC07 /* English */ = {isa = PBXFileReference; fileEncoding = 10; lastKnownFileType = text.plist.strings; name = English; path = English.lproj/InfoPlist.strings; sourceTree = "<group>"; };
		1058C7A1FEA54F0111CA2CBB /* Cocoa.framework */ = {isa = PBXFileReference; lastKnownFileType = wrapper.framework; name = Cocoa.framework; path = /System/Library/Frameworks/Cocoa.framework; sourceTree = "<absolute>"; };
		13E42FB307B3F0F600E4EEF1 /* CoreData.framework */ = {isa = PBXFileReference; lastKnownFileType = wrapper.framework; name = CoreData.framework; path = /System/Library/Frameworks/CoreData.framework; sourceTree = "<absolute>"; };
		1DDD58150DA1D0A300B32029 /* English */ = {isa = PBXFileReference; lastKnownFileType = file.xib; name = English; path = English.lproj/MainMenu.xib; sourceTree = "<group>"; };
		29B97316FDCFA39411CA2CEA /* main.m */ = {isa = PBXFileReference; fileEncoding = 4; lastKnownFileType = sourcecode.c.objc; name = main.m; path = source/main.m; sourceTree = "<group>"; };
		29B97324FDCFA39411CA2CEA /* AppKit.framework */ = {isa = PBXFileReference; lastKnownFileType = wrapper.framework; name = AppKit.framework; path = /System/Library/Frameworks/AppKit.framework; sourceTree = "<absolute>"; };
		29B97325FDCFA39411CA2CEA /* Foundation.framework */ = {isa = PBXFileReference; lastKnownFileType = wrapper.framework; name = Foundation.framework; path = /System/Library/Frameworks/Foundation.framework; sourceTree = "<absolute>"; };
		32CA4F630368D1EE00C91783 /* Hues_Prefix.pch */ = {isa = PBXFileReference; fileEncoding = 4; lastKnownFileType = sourcecode.c.h; name = Hues_Prefix.pch; path = source/Hues_Prefix.pch; sourceTree = "<group>"; };
		8D1107310486CEB800E47090 /* Info.plist */ = {isa = PBXFileReference; fileEncoding = 4; lastKnownFileType = text.plist.xml; path = Info.plist; sourceTree = "<group>"; };
		8D1107320486CEB800E47090 /* Hues.app */ = {isa = PBXFileReference; explicitFileType = wrapper.application; includeInIndex = 0; path = Hues.app; sourceTree = BUILT_PRODUCTS_DIR; };
		92224CD50FF5786F00B1A16F /* hues_app_icon.icns */ = {isa = PBXFileReference; lastKnownFileType = image.icns; path = hues_app_icon.icns; sourceTree = "<group>"; };
		922CB66812CBE2CC00DDC397 /* HuesHistoryManager.h */ = {isa = PBXFileReference; fileEncoding = 4; lastKnownFileType = sourcecode.c.h; path = HuesHistoryManager.h; sourceTree = "<group>"; };
		922CB66912CBE2CC00DDC397 /* HuesHistoryManager.m */ = {isa = PBXFileReference; fileEncoding = 4; lastKnownFileType = sourcecode.c.objc; path = HuesHistoryManager.m; sourceTree = "<group>"; };
		925B8E3812C91EED007CE377 /* HuesPreferencesController.h */ = {isa = PBXFileReference; fileEncoding = 4; lastKnownFileType = sourcecode.c.h; path = HuesPreferencesController.h; sourceTree = "<group>"; };
		925B8E3912C91EED007CE377 /* HuesPreferencesController.m */ = {isa = PBXFileReference; fileEncoding = 4; lastKnownFileType = sourcecode.c.objc; path = HuesPreferencesController.m; sourceTree = "<group>"; };
		925B8E5512C920EF007CE377 /* BWToolkitFramework.framework */ = {isa = PBXFileReference; lastKnownFileType = wrapper.framework; path = BWToolkitFramework.framework; sourceTree = "<group>"; };
		925B8EA912C92530007CE377 /* HuesGlobal.h */ = {isa = PBXFileReference; fileEncoding = 4; lastKnownFileType = sourcecode.c.h; path = HuesGlobal.h; sourceTree = "<group>"; };
		925B8EAA12C92530007CE377 /* HuesGlobal.m */ = {isa = PBXFileReference; fileEncoding = 4; lastKnownFileType = sourcecode.c.objc; path = HuesGlobal.m; sourceTree = "<group>"; };
		925B8EAC12C9273B007CE377 /* HuesMainController.h */ = {isa = PBXFileReference; fileEncoding = 4; lastKnownFileType = sourcecode.c.h; path = HuesMainController.h; sourceTree = "<group>"; };
		925B8EAD12C9273B007CE377 /* HuesMainController.m */ = {isa = PBXFileReference; fileEncoding = 4; lastKnownFileType = sourcecode.c.objc; path = HuesMainController.m; sourceTree = "<group>"; };
		925B8EE412C92E29007CE377 /* HuesColorsView.xib */ = {isa = PBXFileReference; lastKnownFileType = file.xib; path = HuesColorsView.xib; sourceTree = "<group>"; };
		929A3F0212CD1A94000DAE2B /* NSImage+Hues.h */ = {isa = PBXFileReference; fileEncoding = 4; lastKnownFileType = sourcecode.c.h; path = "NSImage+Hues.h"; sourceTree = "<group>"; };
		929A3F0312CD1A94000DAE2B /* NSImage+Hues.m */ = {isa = PBXFileReference; fileEncoding = 4; lastKnownFileType = sourcecode.c.objc; path = "NSImage+Hues.m"; sourceTree = "<group>"; };
		929A427A12CD7E7B000DAE2B /* background_left.png */ = {isa = PBXFileReference; lastKnownFileType = image.png; path = background_left.png; sourceTree = "<group>"; };
		929A427B12CD7E7B000DAE2B /* background_middle.png */ = {isa = PBXFileReference; lastKnownFileType = image.png; path = background_middle.png; sourceTree = "<group>"; };
		929A42E312CD880F000DAE2B /* CHANGELOG.md */ = {isa = PBXFileReference; fileEncoding = 4; lastKnownFileType = text; path = CHANGELOG.md; sourceTree = "<group>"; };
		92CD3B1012C1A05D0079E334 /* HuesPreferences.h */ = {isa = PBXFileReference; fileEncoding = 4; lastKnownFileType = sourcecode.c.h; path = HuesPreferences.h; sourceTree = "<group>"; };
		92CD3B1112C1A05D0079E334 /* HuesPreferences.m */ = {isa = PBXFileReference; fileEncoding = 4; lastKnownFileType = sourcecode.c.objc; path = HuesPreferences.m; sourceTree = "<group>"; };
		92CD3B3512C1A7BD0079E334 /* HuesPreferences.xib */ = {isa = PBXFileReference; lastKnownFileType = file.xib; path = HuesPreferences.xib; sourceTree = "<group>"; };
		BF8B135D0F4B902B00845749 /* HuesAppDelegate.h */ = {isa = PBXFileReference; fileEncoding = 4; lastKnownFileType = sourcecode.c.h; path = HuesAppDelegate.h; sourceTree = "<group>"; };
		BF8B135E0F4B902B00845749 /* HuesAppDelegate.m */ = {isa = PBXFileReference; fileEncoding = 4; lastKnownFileType = sourcecode.c.objc; path = HuesAppDelegate.m; sourceTree = "<group>"; };
		BFB4704A12C1B3A700A98F6D /* NSColor+Extras.h */ = {isa = PBXFileReference; fileEncoding = 4; lastKnownFileType = sourcecode.c.h; path = "NSColor+Extras.h"; sourceTree = "<group>"; };
		BFB4704B12C1B3A700A98F6D /* NSColor+Extras.m */ = {isa = PBXFileReference; fileEncoding = 4; lastKnownFileType = sourcecode.c.objc; path = "NSColor+Extras.m"; sourceTree = "<group>"; };
		BFB4710A12C1C1BA00A98F6D /* HuesColorsView.h */ = {isa = PBXFileReference; fileEncoding = 4; lastKnownFileType = sourcecode.c.h; path = HuesColorsView.h; sourceTree = "<group>"; };
		BFB4710B12C1C1BA00A98F6D /* HuesColorsView.m */ = {isa = PBXFileReference; fileEncoding = 4; lastKnownFileType = sourcecode.c.objc; path = HuesColorsView.m; sourceTree = "<group>"; };
/* End PBXFileReference section */

/* Begin PBXFrameworksBuildPhase section */
		8D11072E0486CEB800E47090 /* Frameworks */ = {
			isa = PBXFrameworksBuildPhase;
			buildActionMask = 2147483647;
			files = (
				8D11072F0486CEB800E47090 /* Cocoa.framework in Frameworks */,
				925B8E5612C920EF007CE377 /* BWToolkitFramework.framework in Frameworks */,
			);
			runOnlyForDeploymentPostprocessing = 0;
		};
/* End PBXFrameworksBuildPhase section */

/* Begin PBXGroup section */
		080E96DDFE201D6D7F000001 /* source */ = {
			isa = PBXGroup;
			children = (
				925B8ECC12C92A0A007CE377 /* Models */,
				925B8ECB12C929FC007CE377 /* Views */,
				BFB4711112C1C1EB00A98F6D /* Categories */,
				BF8B135D0F4B902B00845749 /* HuesAppDelegate.h */,
				BF8B135E0F4B902B00845749 /* HuesAppDelegate.m */,
				925B8EAC12C9273B007CE377 /* HuesMainController.h */,
				925B8EAD12C9273B007CE377 /* HuesMainController.m */,
				925B8E3812C91EED007CE377 /* HuesPreferencesController.h */,
				925B8E3912C91EED007CE377 /* HuesPreferencesController.m */,
			);
			path = source;
			sourceTree = "<group>";
		};
		1058C7A0FEA54F0111CA2CBB /* Linked Frameworks */ = {
			isa = PBXGroup;
			children = (
				925B8E5512C920EF007CE377 /* BWToolkitFramework.framework */,
				1058C7A1FEA54F0111CA2CBB /* Cocoa.framework */,
			);
			name = "Linked Frameworks";
			sourceTree = "<group>";
		};
		1058C7A2FEA54F0111CA2CBB /* Other Frameworks */ = {
			isa = PBXGroup;
			children = (
				29B97324FDCFA39411CA2CEA /* AppKit.framework */,
				13E42FB307B3F0F600E4EEF1 /* CoreData.framework */,
				29B97325FDCFA39411CA2CEA /* Foundation.framework */,
			);
			name = "Other Frameworks";
			sourceTree = "<group>";
		};
		19C28FACFE9D520D11CA2CBB /* Products */ = {
			isa = PBXGroup;
			children = (
				8D1107320486CEB800E47090 /* Hues.app */,
			);
			name = Products;
			sourceTree = "<group>";
		};
		29B97314FDCFA39411CA2CEA /* Colors */ = {
			isa = PBXGroup;
			children = (
				080E96DDFE201D6D7F000001 /* source */,
				29B97315FDCFA39411CA2CEA /* Other Sources */,
				29B97317FDCFA39411CA2CEA /* Resources */,
				29B97323FDCFA39411CA2CEA /* Frameworks */,
				19C28FACFE9D520D11CA2CBB /* Products */,
			);
			name = Colors;
			sourceTree = "<group>";
		};
		29B97315FDCFA39411CA2CEA /* Other Sources */ = {
			isa = PBXGroup;
			children = (
				32CA4F630368D1EE00C91783 /* Hues_Prefix.pch */,
				29B97316FDCFA39411CA2CEA /* main.m */,
			);
			name = "Other Sources";
			sourceTree = "<group>";
		};
		29B97317FDCFA39411CA2CEA /* Resources */ = {
			isa = PBXGroup;
			children = (
				929A427A12CD7E7B000DAE2B /* background_left.png */,
				929A427B12CD7E7B000DAE2B /* background_middle.png */,
				92224CD50FF5786F00B1A16F /* hues_app_icon.icns */,
				8D1107310486CEB800E47090 /* Info.plist */,
				089C165CFE840E0CC02AAC07 /* InfoPlist.strings */,
				1DDD58140DA1D0A300B32029 /* MainMenu.xib */,
				92CD3B3512C1A7BD0079E334 /* HuesPreferences.xib */,
				925B8EE412C92E29007CE377 /* HuesColorsView.xib */,
				929A42E312CD880F000DAE2B /* CHANGELOG.md */,
			);
			name = Resources;
			path = resources;
			sourceTree = "<group>";
		};
		29B97323FDCFA39411CA2CEA /* Frameworks */ = {
			isa = PBXGroup;
			children = (
				1058C7A0FEA54F0111CA2CBB /* Linked Frameworks */,
				1058C7A2FEA54F0111CA2CBB /* Other Frameworks */,
			);
			name = Frameworks;
			sourceTree = "<group>";
		};
		925B8ECB12C929FC007CE377 /* Views */ = {
			isa = PBXGroup;
			children = (
				BFB4710A12C1C1BA00A98F6D /* HuesColorsView.h */,
				BFB4710B12C1C1BA00A98F6D /* HuesColorsView.m */,
			);
			name = Views;
			sourceTree = "<group>";
		};
		925B8ECC12C92A0A007CE377 /* Models */ = {
			isa = PBXGroup;
			children = (
				925B8EA912C92530007CE377 /* HuesGlobal.h */,
				925B8EAA12C92530007CE377 /* HuesGlobal.m */,
				92CD3B1012C1A05D0079E334 /* HuesPreferences.h */,
				92CD3B1112C1A05D0079E334 /* HuesPreferences.m */,
				922CB66812CBE2CC00DDC397 /* HuesHistoryManager.h */,
				922CB66912CBE2CC00DDC397 /* HuesHistoryManager.m */,
			);
			name = Models;
			sourceTree = "<group>";
		};
		BFB4711112C1C1EB00A98F6D /* Categories */ = {
			isa = PBXGroup;
			children = (
				BFB4704A12C1B3A700A98F6D /* NSColor+Extras.h */,
				BFB4704B12C1B3A700A98F6D /* NSColor+Extras.m */,
				929A3F0212CD1A94000DAE2B /* NSImage+Hues.h */,
				929A3F0312CD1A94000DAE2B /* NSImage+Hues.m */,
			);
			name = Categories;
			sourceTree = "<group>";
		};
/* End PBXGroup section */

/* Begin PBXNativeTarget section */
		8D1107260486CEB800E47090 /* Hues */ = {
			isa = PBXNativeTarget;
			buildConfigurationList = C01FCF4A08A954540054247B /* Build configuration list for PBXNativeTarget "Hues" */;
			buildPhases = (
				8D1107290486CEB800E47090 /* Resources */,
				8D11072C0486CEB800E47090 /* Sources */,
				8D11072E0486CEB800E47090 /* Frameworks */,
				BF08C6240F9D7C42000D98E8 /* CopyFiles */,
			);
			buildRules = (
			);
			dependencies = (
			);
			name = Hues;
			productInstallPath = "$(HOME)/Applications";
			productName = Colors;
			productReference = 8D1107320486CEB800E47090 /* Hues.app */;
			productType = "com.apple.product-type.application";
		};
/* End PBXNativeTarget section */

/* Begin PBXProject section */
		29B97313FDCFA39411CA2CEA /* Project object */ = {
			isa = PBXProject;
			buildConfigurationList = C01FCF4E08A954540054247B /* Build configuration list for PBXProject "Hues" */;
			compatibilityVersion = "Xcode 3.1";
			developmentRegion = English;
			hasScannedForEncodings = 1;
			knownRegions = (
				English,
				Japanese,
				French,
				German,
				Italian,
				Spanish,
				Swedish,
				zh_TW,
			);
			mainGroup = 29B97314FDCFA39411CA2CEA /* Colors */;
			projectDirPath = "";
			projectRoot = "";
			targets = (
				8D1107260486CEB800E47090 /* Hues */,
			);
		};
/* End PBXProject section */

/* Begin PBXResourcesBuildPhase section */
		8D1107290486CEB800E47090 /* Resources */ = {
			isa = PBXResourcesBuildPhase;
			buildActionMask = 2147483647;
			files = (
				8D11072B0486CEB800E47090 /* InfoPlist.strings in Resources */,
				1DDD58160DA1D0A300B32029 /* MainMenu.xib in Resources */,
				92224CD60FF5786F00B1A16F /* hues_app_icon.icns in Resources */,
				92CD3B3612C1A7BD0079E334 /* HuesPreferences.xib in Resources */,
				925B8EE512C92E29007CE377 /* HuesColorsView.xib in Resources */,
				929A427C12CD7E7B000DAE2B /* background_left.png in Resources */,
				929A427D12CD7E7B000DAE2B /* background_middle.png in Resources */,
			);
			runOnlyForDeploymentPostprocessing = 0;
		};
/* End PBXResourcesBuildPhase section */

/* Begin PBXSourcesBuildPhase section */
		8D11072C0486CEB800E47090 /* Sources */ = {
			isa = PBXSourcesBuildPhase;
			buildActionMask = 2147483647;
			files = (
				8D11072D0486CEB800E47090 /* main.m in Sources */,
				BF8B135F0F4B902B00845749 /* HuesAppDelegate.m in Sources */,
				92CD3B1212C1A05D0079E334 /* HuesPreferences.m in Sources */,
				BFB4704C12C1B3A700A98F6D /* NSColor+Extras.m in Sources */,
				BFB4710C12C1C1BA00A98F6D /* HuesColorsView.m in Sources */,
				925B8E3A12C91EED007CE377 /* HuesPreferencesController.m in Sources */,
				925B8EAB12C92530007CE377 /* HuesGlobal.m in Sources */,
				925B8EAE12C9273B007CE377 /* HuesMainController.m in Sources */,
				922CB66A12CBE2CC00DDC397 /* HuesHistoryManager.m in Sources */,
				929A3F0412CD1A94000DAE2B /* NSImage+Hues.m in Sources */,
			);
			runOnlyForDeploymentPostprocessing = 0;
		};
/* End PBXSourcesBuildPhase section */

/* Begin PBXVariantGroup section */
		089C165CFE840E0CC02AAC07 /* InfoPlist.strings */ = {
			isa = PBXVariantGroup;
			children = (
				089C165DFE840E0CC02AAC07 /* English */,
			);
			name = InfoPlist.strings;
			sourceTree = "<group>";
		};
		1DDD58140DA1D0A300B32029 /* MainMenu.xib */ = {
			isa = PBXVariantGroup;
			children = (
				1DDD58150DA1D0A300B32029 /* English */,
			);
			name = MainMenu.xib;
			sourceTree = "<group>";
		};
/* End PBXVariantGroup section */

/* Begin XCBuildConfiguration section */
		929A3EEC12CD19B2000DAE2B /* App Store */ = {
			isa = XCBuildConfiguration;
			buildSettings = {
				ARCHS = "$(ARCHS_STANDARD_32_64_BIT)";
				GCC_C_LANGUAGE_STANDARD = c99;
				GCC_WARN_ABOUT_RETURN_TYPE = YES;
				GCC_WARN_UNUSED_VARIABLE = YES;
				MACOSX_DEPLOYMENT_TARGET = 10.6;
				PREBINDING = NO;
				SDKROOT = macosx10.6;
				VALID_ARCHS = "x86_64 i386";
			};
			name = "App Store";
		};
		929A3EED12CD19B2000DAE2B /* App Store */ = {
			isa = XCBuildConfiguration;
			buildSettings = {
				ALWAYS_SEARCH_USER_PATHS = NO;
				CODE_SIGN_IDENTITY = "3rd Party Mac Developer Application: Giant Comet";
				DEBUG_INFORMATION_FORMAT = "dwarf-with-dsym";
				FRAMEWORK_SEARCH_PATHS = (
					"$(inherited)",
					"\"$(SRCROOT)\"",
				);
				GCC_MODEL_TUNING = G5;
				GCC_PRECOMPILE_PREFIX_HEADER = YES;
				GCC_PREFIX_HEADER = source/Hues_Prefix.pch;
				INFOPLIST_FILE = Resources/Info.plist;
				INSTALL_PATH = "$(HOME)/Applications";
				PRODUCT_NAME = Hues;
			};
			name = "App Store";
		};
		C01FCF4B08A954540054247B /* Debug */ = {
			isa = XCBuildConfiguration;
			buildSettings = {
				ALWAYS_SEARCH_USER_PATHS = NO;
				COPY_PHASE_STRIP = NO;
				FRAMEWORK_SEARCH_PATHS = (
					"$(inherited)",
					"\"$(SRCROOT)\"",
				);
				GCC_DYNAMIC_NO_PIC = NO;
				GCC_ENABLE_FIX_AND_CONTINUE = YES;
				GCC_MODEL_TUNING = G5;
				GCC_OPTIMIZATION_LEVEL = 0;
				GCC_PRECOMPILE_PREFIX_HEADER = YES;
				GCC_PREFIX_HEADER = source/Hues_Prefix.pch;
				INFOPLIST_FILE = Resources/Info.plist;
				INSTALL_PATH = "$(HOME)/Applications";
				PRODUCT_NAME = Hues;
			};
			name = Debug;
		};
		C01FCF4C08A954540054247B /* Release */ = {
			isa = XCBuildConfiguration;
			buildSettings = {
				ALWAYS_SEARCH_USER_PATHS = NO;
				DEBUG_INFORMATION_FORMAT = "dwarf-with-dsym";
				FRAMEWORK_SEARCH_PATHS = (
					"$(inherited)",
					"\"$(SRCROOT)\"",
				);
				GCC_MODEL_TUNING = G5;
				GCC_PRECOMPILE_PREFIX_HEADER = YES;
				GCC_PREFIX_HEADER = source/Hues_Prefix.pch;
				INFOPLIST_FILE = Resources/Info.plist;
				INSTALL_PATH = "$(HOME)/Applications";
				PRODUCT_NAME = Hues;
			};
			name = Release;
		};
		C01FCF4F08A954540054247B /* Debug */ = {
			isa = XCBuildConfiguration;
			buildSettings = {
				ARCHS = "$(ARCHS_STANDARD_32_64_BIT)";
				GCC_C_LANGUAGE_STANDARD = c99;
				GCC_OPTIMIZATION_LEVEL = 0;
				GCC_WARN_ABOUT_RETURN_TYPE = YES;
				GCC_WARN_UNUSED_VARIABLE = YES;
				MACOSX_DEPLOYMENT_TARGET = 10.6;
				ONLY_ACTIVE_ARCH = YES;
				PREBINDING = NO;
				SDKROOT = macosx10.6;
				VALID_ARCHS = "x86_64 i386";
			};
			name = Debug;
		};
		C01FCF5008A954540054247B /* Release */ = {
			isa = XCBuildConfiguration;
			buildSettings = {
				ARCHS = "$(ARCHS_STANDARD_32_64_BIT)";
				GCC_C_LANGUAGE_STANDARD = c99;
				GCC_WARN_ABOUT_RETURN_TYPE = YES;
				GCC_WARN_UNUSED_VARIABLE = YES;
				MACOSX_DEPLOYMENT_TARGET = 10.6;
				PREBINDING = NO;
				SDKROOT = macosx10.6;
				VALID_ARCHS = "x86_64 i386";
			};
			name = Release;
		};
/* End XCBuildConfiguration section */

/* Begin XCConfigurationList section */
		C01FCF4A08A954540054247B /* Build configuration list for PBXNativeTarget "Hues" */ = {
			isa = XCConfigurationList;
			buildConfigurations = (
				C01FCF4B08A954540054247B /* Debug */,
				C01FCF4C08A954540054247B /* Release */,
				929A3EED12CD19B2000DAE2B /* App Store */,
			);
			defaultConfigurationIsVisible = 0;
			defaultConfigurationName = Release;
		};
		C01FCF4E08A954540054247B /* Build configuration list for PBXProject "Hues" */ = {
			isa = XCConfigurationList;
			buildConfigurations = (
				C01FCF4F08A954540054247B /* Debug */,
				C01FCF5008A954540054247B /* Release */,
				929A3EEC12CD19B2000DAE2B /* App Store */,
			);
			defaultConfigurationIsVisible = 0;
			defaultConfigurationName = Release;
		};
/* End XCConfigurationList section */
	};
	rootObject = 29B97313FDCFA39411CA2CEA /* Project object */;
}
