// !$*UTF8*$!
{
	archiveVersion = 1;
	classes = {
	};
	objectVersion = 46;
	objects = {

/* Begin PBXBuildFile section */
		19C657B3150F44E685004A9E /* libPods.a in Frameworks */ = {isa = PBXBuildFile; fileRef = A84020242F57497396E19593 /* libPods.a */; };
		437A7AB1DDF84F63B26E795F /* libPods-test.a in Frameworks */ = {isa = PBXBuildFile; fileRef = C1B46F0AE0FF4F7A88958C12 /* libPods-test.a */; };
		9202B08B147448C5001201EA /* hues_menubar_highlight.png in Resources */ = {isa = PBXBuildFile; fileRef = 9202B089147448C5001201EA /* hues_menubar_highlight.png */; };
		9202B08C147448C5001201EA /* hues_menubar_normal.png in Resources */ = {isa = PBXBuildFile; fileRef = 9202B08A147448C5001201EA /* hues_menubar_normal.png */; };
		9218A5721796305800AEF7DE /* HuesGeneralPreferencesController.m in Sources */ = {isa = PBXBuildFile; fileRef = 9218A5701796305800AEF7DE /* HuesGeneralPreferencesController.m */; };
		9218A5731796305800AEF7DE /* HuesGeneralPreferencesController.xib in Resources */ = {isa = PBXBuildFile; fileRef = 9218A5711796305800AEF7DE /* HuesGeneralPreferencesController.xib */; };
		9218A57617963FAC00AEF7DE /* NSMutableArray+Move.m in Sources */ = {isa = PBXBuildFile; fileRef = 9218A57517963FAC00AEF7DE /* NSMutableArray+Move.m */; };
		9218A5B9179AE31800AEF7DE /* HuesColor.m in Sources */ = {isa = PBXBuildFile; fileRef = 9218A5B8179AE31700AEF7DE /* HuesColor.m */; };
		9218A5BD179B27B300AEF7DE /* HuesColorConversion.m in Sources */ = {isa = PBXBuildFile; fileRef = 9218A5BC179B27B300AEF7DE /* HuesColorConversion.m */; };
		9218A5C0179B281100AEF7DE /* HuesColorConversionTest.m in Sources */ = {isa = PBXBuildFile; fileRef = 9218A5BF179B281100AEF7DE /* HuesColorConversionTest.m */; };
		9218A5C3179B561D00AEF7DE /* HuesColor+Formatting.m in Sources */ = {isa = PBXBuildFile; fileRef = 9218A5C2179B561C00AEF7DE /* HuesColor+Formatting.m */; };
		9218A5C6179B596900AEF7DE /* HuesColor+FormattingTest.m in Sources */ = {isa = PBXBuildFile; fileRef = 9218A5C5179B596900AEF7DE /* HuesColor+FormattingTest.m */; };
		921A8E51167E6276002FCC42 /* HuesScopeBarView.m in Sources */ = {isa = PBXBuildFile; fileRef = 921A8E50167E6276002FCC42 /* HuesScopeBarView.m */; };
		921A8E7E167FE757002FCC42 /* HuesRGBViewController.m in Sources */ = {isa = PBXBuildFile; fileRef = 921A8E7C167FE757002FCC42 /* HuesRGBViewController.m */; };
		921A8E7F167FE757002FCC42 /* HuesRGBViewController.xib in Resources */ = {isa = PBXBuildFile; fileRef = 921A8E7D167FE757002FCC42 /* HuesRGBViewController.xib */; };
		921A8E84167FE8E2002FCC42 /* HuesHSBViewController.m in Sources */ = {isa = PBXBuildFile; fileRef = 921A8E82167FE8E2002FCC42 /* HuesHSBViewController.m */; };
		921A8E85167FE8E2002FCC42 /* HuesHSBViewController.xib in Resources */ = {isa = PBXBuildFile; fileRef = 921A8E83167FE8E2002FCC42 /* HuesHSBViewController.xib */; };
		921DB1C81796E7C300ADDB2D /* HuesHSLMixerController.m in Sources */ = {isa = PBXBuildFile; fileRef = 921DB1C61796E7C200ADDB2D /* HuesHSLMixerController.m */; };
		921DB1C91796E7C300ADDB2D /* HuesHSLMixerController.xib in Resources */ = {isa = PBXBuildFile; fileRef = 921DB1C71796E7C200ADDB2D /* HuesHSLMixerController.xib */; };
		921DB1E317971C9E00ADDB2D /* SenTestingKit.framework in Frameworks */ = {isa = PBXBuildFile; fileRef = 9228C51C16F2B0D800C57A48 /* SenTestingKit.framework */; };
		921DB1E417971C9E00ADDB2D /* Cocoa.framework in Frameworks */ = {isa = PBXBuildFile; fileRef = 9264FE611393EC9F00935FAC /* Cocoa.framework */; };
		921DB1EA17971C9F00ADDB2D /* InfoPlist.strings in Resources */ = {isa = PBXBuildFile; fileRef = 921DB1E817971C9F00ADDB2D /* InfoPlist.strings */; };
		921DB1F417971E1900ADDB2D /* HuesColorTest.m in Sources */ = {isa = PBXBuildFile; fileRef = 92E7D6B71393F1E70072C412 /* HuesColorTest.m */; };
		921DB1F617971E1900ADDB2D /* HuesColorParserTest.m in Sources */ = {isa = PBXBuildFile; fileRef = 92F13DC7178EFD3400E699E4 /* HuesColorParserTest.m */; };
		921DB1F817971E1900ADDB2D /* HuesColorFormatterTest.m in Sources */ = {isa = PBXBuildFile; fileRef = 926ACEEB1790523A00C8E1BE /* HuesColorFormatterTest.m */; };
		921DB1FA17971E1900ADDB2D /* HuesNSMutableArray+MoveTest.m in Sources */ = {isa = PBXBuildFile; fileRef = 9218A5781796406A00AEF7DE /* HuesNSMutableArray+MoveTest.m */; };
		9228C51816F16A7500C57A48 /* magnifier.png in Resources */ = {isa = PBXBuildFile; fileRef = 9228C51416F16A7500C57A48 /* magnifier.png */; };
		9228C51916F16A7500C57A48 /* magnifier@2x.png in Resources */ = {isa = PBXBuildFile; fileRef = 9228C51516F16A7500C57A48 /* magnifier@2x.png */; };
		9228C51A16F16A7500C57A48 /* slider-knob.png in Resources */ = {isa = PBXBuildFile; fileRef = 9228C51616F16A7500C57A48 /* slider-knob.png */; };
		9228C51B16F16A7500C57A48 /* slider-knob@2x.png in Resources */ = {isa = PBXBuildFile; fileRef = 9228C51716F16A7500C57A48 /* slider-knob@2x.png */; };
		923098AF167FF2E700F98571 /* HuesMixerViewController.m in Sources */ = {isa = PBXBuildFile; fileRef = 923098AE167FF2E700F98571 /* HuesMixerViewController.m */; };
		923098B31680012C00F98571 /* HuesHueColorSlider.m in Sources */ = {isa = PBXBuildFile; fileRef = 923098B21680012C00F98571 /* HuesHueColorSlider.m */; };
		923098B61680016300F98571 /* HuesHueColorSliderCell.m in Sources */ = {isa = PBXBuildFile; fileRef = 923098B51680016300F98571 /* HuesHueColorSliderCell.m */; };
		923098BA1680058700F98571 /* HuesColorWheelViewController.m in Sources */ = {isa = PBXBuildFile; fileRef = 923098B81680058700F98571 /* HuesColorWheelViewController.m */; };
		923098BB1680058700F98571 /* HuesColorWheelViewController.xib in Resources */ = {isa = PBXBuildFile; fileRef = 923098B91680058700F98571 /* HuesColorWheelViewController.xib */; };
		923098BE1680064D00F98571 /* HuesColorWheelView.m in Sources */ = {isa = PBXBuildFile; fileRef = 923098BD1680064D00F98571 /* HuesColorWheelView.m */; };
		923098C116800EBF00F98571 /* HuesColorWheelHueView.m in Sources */ = {isa = PBXBuildFile; fileRef = 923098C016800EBF00F98571 /* HuesColorWheelHueView.m */; };
		92314E51179741D90044158A /* text-field-background.png in Resources */ = {isa = PBXBuildFile; fileRef = 92314E4F179741D90044158A /* text-field-background.png */; };
		92314E52179741D90044158A /* text-field-background@2x.png in Resources */ = {isa = PBXBuildFile; fileRef = 92314E50179741D90044158A /* text-field-background@2x.png */; };
		92314E551797422B0044158A /* HuesTextFieldCell.m in Sources */ = {isa = PBXBuildFile; fileRef = 92314E541797422B0044158A /* HuesTextFieldCell.m */; };
		9234D51C167BDDB000A33702 /* HuesColorSlider.m in Sources */ = {isa = PBXBuildFile; fileRef = 9234D51B167BDDB000A33702 /* HuesColorSlider.m */; };
		9234D520167BDE0E00A33702 /* HuesColorSliderCell.m in Sources */ = {isa = PBXBuildFile; fileRef = 9234D51F167BDE0E00A33702 /* HuesColorSliderCell.m */; };
		923CA1531467394E003CC8BB /* HuesLoupeView.m in Sources */ = {isa = PBXBuildFile; fileRef = 923CA1501467394E003CC8BB /* HuesLoupeView.m */; };
		923CA1541467394E003CC8BB /* HuesLoupeWindow.m in Sources */ = {isa = PBXBuildFile; fileRef = 923CA1521467394E003CC8BB /* HuesLoupeWindow.m */; };
		92513EAF1760DFCD00ED644C /* HuesPalette.m in Sources */ = {isa = PBXBuildFile; fileRef = 92513EAE1760DFCC00ED644C /* HuesPalette.m */; };
		92513EB317612BA000ED644C /* HuesPaletteItem.m in Sources */ = {isa = PBXBuildFile; fileRef = 92513EB217612B9F00ED644C /* HuesPaletteItem.m */; };
		9264FE621393EC9F00935FAC /* Cocoa.framework in Frameworks */ = {isa = PBXBuildFile; fileRef = 9264FE611393EC9F00935FAC /* Cocoa.framework */; };
		9264FE6C1393EC9F00935FAC /* InfoPlist.strings in Resources */ = {isa = PBXBuildFile; fileRef = 9264FE6A1393EC9F00935FAC /* InfoPlist.strings */; };
		9264FE6F1393EC9F00935FAC /* main.m in Sources */ = {isa = PBXBuildFile; fileRef = 9264FE6E1393EC9F00935FAC /* main.m */; };
		926ACEEE1790526100C8E1BE /* HuesColorFormatter.m in Sources */ = {isa = PBXBuildFile; fileRef = 92F13DCB178F00ED00E699E4 /* HuesColorFormatter.m */; };
		926ACEF11790A4DF00C8E1BE /* HuesLoupeController.m in Sources */ = {isa = PBXBuildFile; fileRef = 926ACEF01790A4DF00C8E1BE /* HuesLoupeController.m */; };
		92862700164031B600DA16BE /* HuesStatusItemView.m in Sources */ = {isa = PBXBuildFile; fileRef = 928626FF164031B600DA16BE /* HuesStatusItemView.m */; };
		9286270716405BF100DA16BE /* HuesGradientLine.m in Sources */ = {isa = PBXBuildFile; fileRef = 9286270616405BF000DA16BE /* HuesGradientLine.m */; };
		92A6694017A02C3900F037DC /* HuesPaletteTest.m in Sources */ = {isa = PBXBuildFile; fileRef = 92A6693F17A02C3900F037DC /* HuesPaletteTest.m */; };
		92A6694417A032AC00F037DC /* HuesPalettesController.m in Sources */ = {isa = PBXBuildFile; fileRef = 92A6694217A032AC00F037DC /* HuesPalettesController.m */; };
		92A6694517A032AC00F037DC /* HuesPalettesController.xib in Resources */ = {isa = PBXBuildFile; fileRef = 92A6694317A032AC00F037DC /* HuesPalettesController.xib */; };
		92A6698817A0614700F037DC /* HuesPaletteItemCellView.m in Sources */ = {isa = PBXBuildFile; fileRef = 92A6698717A0614700F037DC /* HuesPaletteItemCellView.m */; };
		92A6698B17A063D200F037DC /* HuesPalettesManager.m in Sources */ = {isa = PBXBuildFile; fileRef = 92A6698A17A063D200F037DC /* HuesPalettesManager.m */; };
		92A6699017A07CC200F037DC /* HuesColorWell.m in Sources */ = {isa = PBXBuildFile; fileRef = 92A6698F17A07CC200F037DC /* HuesColorWell.m */; };
		92AAF5B61642FEBF00DC09E8 /* HuesApplication.m in Sources */ = {isa = PBXBuildFile; fileRef = 92AAF5B51642FEBE00DC09E8 /* HuesApplication.m */; };
		92C1144C179E26470092E3CB /* copy-button.png in Resources */ = {isa = PBXBuildFile; fileRef = 92C1144A179E26470092E3CB /* copy-button.png */; };
		92C1144D179E26470092E3CB /* copy-button@2x.png in Resources */ = {isa = PBXBuildFile; fileRef = 92C1144B179E26470092E3CB /* copy-button@2x.png */; };
		92C11450179E275D0092E3CB /* copy-button-down.png in Resources */ = {isa = PBXBuildFile; fileRef = 92C1144E179E275D0092E3CB /* copy-button-down.png */; };
		92C11451179E275D0092E3CB /* copy-button-down@2x.png in Resources */ = {isa = PBXBuildFile; fileRef = 92C1144F179E275D0092E3CB /* copy-button-down@2x.png */; };
		92C11458179E28D40092E3CB /* text-field-fill.png in Resources */ = {isa = PBXBuildFile; fileRef = 92C11452179E28D40092E3CB /* text-field-fill.png */; };
		92C11459179E28D40092E3CB /* text-field-fill@2x.png in Resources */ = {isa = PBXBuildFile; fileRef = 92C11453179E28D40092E3CB /* text-field-fill@2x.png */; };
		92C1145A179E28D40092E3CB /* text-field-left.png in Resources */ = {isa = PBXBuildFile; fileRef = 92C11454179E28D40092E3CB /* text-field-left.png */; };
		92C1145B179E28D40092E3CB /* text-field-left@2x.png in Resources */ = {isa = PBXBuildFile; fileRef = 92C11455179E28D40092E3CB /* text-field-left@2x.png */; };
		92C1145C179E28D40092E3CB /* text-field-right.png in Resources */ = {isa = PBXBuildFile; fileRef = 92C11456179E28D40092E3CB /* text-field-right.png */; };
		92C1145D179E28D40092E3CB /* text-field-right@2x.png in Resources */ = {isa = PBXBuildFile; fileRef = 92C11457179E28D40092E3CB /* text-field-right@2x.png */; };
		92C11460179E2C340092E3CB /* HuesScopeBarButton.m in Sources */ = {isa = PBXBuildFile; fileRef = 92C1145F179E2C340092E3CB /* HuesScopeBarButton.m */; };
		92C11467179E2D1A0092E3CB /* scope-bar-button-fill.png in Resources */ = {isa = PBXBuildFile; fileRef = 92C11461179E2D1A0092E3CB /* scope-bar-button-fill.png */; };
		92C11468179E2D1A0092E3CB /* scope-bar-button-fill@2x.png in Resources */ = {isa = PBXBuildFile; fileRef = 92C11462179E2D1A0092E3CB /* scope-bar-button-fill@2x.png */; };
		92C11469179E2D1A0092E3CB /* scope-bar-button-left.png in Resources */ = {isa = PBXBuildFile; fileRef = 92C11463179E2D1A0092E3CB /* scope-bar-button-left.png */; };
		92C1146A179E2D1A0092E3CB /* scope-bar-button-left@2x.png in Resources */ = {isa = PBXBuildFile; fileRef = 92C11464179E2D1A0092E3CB /* scope-bar-button-left@2x.png */; };
		92C1146B179E2D1A0092E3CB /* scope-bar-button-right.png in Resources */ = {isa = PBXBuildFile; fileRef = 92C11465179E2D1A0092E3CB /* scope-bar-button-right.png */; };
		92C1146C179E2D1A0092E3CB /* scope-bar-button-right@2x.png in Resources */ = {isa = PBXBuildFile; fileRef = 92C11466179E2D1A0092E3CB /* scope-bar-button-right@2x.png */; };
		92C1147017A09C6A0092E3CB /* HuesPaletteExporter.m in Sources */ = {isa = PBXBuildFile; fileRef = 92C1146F17A09C6A0092E3CB /* HuesPaletteExporter.m */; };
		92E7D68A1393ED080072C412 /* HuesAppDelegate.m in Sources */ = {isa = PBXBuildFile; fileRef = 92E7D6791393ED080072C412 /* HuesAppDelegate.m */; };
		92E7D68B1393ED080072C412 /* HuesColorsView.m in Sources */ = {isa = PBXBuildFile; fileRef = 92E7D67B1393ED080072C412 /* HuesColorsView.m */; };
		92E7D68C1393ED080072C412 /* HuesDefines.m in Sources */ = {isa = PBXBuildFile; fileRef = 92E7D67D1393ED080072C412 /* HuesDefines.m */; };
		92E7D68D1393ED080072C412 /* HuesHistoryManager.m in Sources */ = {isa = PBXBuildFile; fileRef = 92E7D67F1393ED080072C412 /* HuesHistoryManager.m */; };
		92E7D68F1393ED080072C412 /* HuesPreferences.m in Sources */ = {isa = PBXBuildFile; fileRef = 92E7D6831393ED080072C412 /* HuesPreferences.m */; };
		92E7D6901393ED080072C412 /* HuesPreferencesController.m in Sources */ = {isa = PBXBuildFile; fileRef = 92E7D6851393ED080072C412 /* HuesPreferencesController.m */; };
		92E7D6911393ED080072C412 /* NSColor+Hues.m in Sources */ = {isa = PBXBuildFile; fileRef = 92E7D6871393ED080072C412 /* NSColor+Hues.m */; };
		92E7D6921393ED080072C412 /* NSImage+Hues.m in Sources */ = {isa = PBXBuildFile; fileRef = 92E7D6891393ED080072C412 /* NSImage+Hues.m */; };
		92E7D6981393ED1B0072C412 /* CHANGELOG.md in Resources */ = {isa = PBXBuildFile; fileRef = 92E7D6951393ED1B0072C412 /* CHANGELOG.md */; };
		92E7D69A1393ED2E0072C412 /* hues_app_icon.icns in Resources */ = {isa = PBXBuildFile; fileRef = 92E7D6991393ED2E0072C412 /* hues_app_icon.icns */; };
		92E7D69E1393ED830072C412 /* HuesPreferencesController.xib in Resources */ = {isa = PBXBuildFile; fileRef = 92E7D69C1393ED830072C412 /* HuesPreferencesController.xib */; };
		92E7D6A91393EDFA0072C412 /* MainMenu.xib in Resources */ = {isa = PBXBuildFile; fileRef = 92E7D6A81393EDFA0072C412 /* MainMenu.xib */; };
		92F13DC5178EFD0700E699E4 /* HuesColorParser.m in Sources */ = {isa = PBXBuildFile; fileRef = 92F13DC4178EFD0700E699E4 /* HuesColorParser.m */; };
		92F13DCF178F1F6100E699E4 /* NSScanner+Hues.m in Sources */ = {isa = PBXBuildFile; fileRef = 92F13DCE178F1F6100E699E4 /* NSScanner+Hues.m */; };
		92F13DD3178F4D9400E699E4 /* HuesColorFormattingPreferencesController.m in Sources */ = {isa = PBXBuildFile; fileRef = 92F13DD1178F4D9400E699E4 /* HuesColorFormattingPreferencesController.m */; };
		92F13DD4178F4D9400E699E4 /* HuesColorFormattingPreferencesController.xib in Resources */ = {isa = PBXBuildFile; fileRef = 92F13DD2178F4D9400E699E4 /* HuesColorFormattingPreferencesController.xib */; };
		92FBF1131666BFBB00BDC670 /* HuesWindowController.xib in Resources */ = {isa = PBXBuildFile; fileRef = 92FBF1121666BFBB00BDC670 /* HuesWindowController.xib */; };
		92FBF1171666C12700BDC670 /* HuesWindowController.m in Sources */ = {isa = PBXBuildFile; fileRef = 92FBF1161666C12700BDC670 /* HuesWindowController.m */; };
		92FBF11A1667049400BDC670 /* HuesWindowContentView.m in Sources */ = {isa = PBXBuildFile; fileRef = 92FBF1191667049400BDC670 /* HuesWindowContentView.m */; };
/* End PBXBuildFile section */

/* Begin PBXContainerItemProxy section */
		921DB1F217971CF100ADDB2D /* PBXContainerItemProxy */ = {
			isa = PBXContainerItemProxy;
			containerPortal = 9264FE541393EC9F00935FAC /* Project object */;
			proxyType = 1;
			remoteGlobalIDString = 9264FE5C1393EC9F00935FAC;
			remoteInfo = Hues;
		};
/* End PBXContainerItemProxy section */

/* Begin PBXFileReference section */
		317FB30131B84CCFA90887F2 /* Pods-test.xcconfig */ = {isa = PBXFileReference; includeInIndex = 1; lastKnownFileType = text.xcconfig; name = "Pods-test.xcconfig"; path = "Pods/Pods-test.xcconfig"; sourceTree = SOURCE_ROOT; };
		4D389B701E4D4819BA28ED8D /* Pods-test.xcconfig */ = {isa = PBXFileReference; includeInIndex = 1; lastKnownFileType = text.xcconfig; name = "Pods-test.xcconfig"; path = "Pods/Pods-test.xcconfig"; sourceTree = SOURCE_ROOT; };
		9202B089147448C5001201EA /* hues_menubar_highlight.png */ = {isa = PBXFileReference; lastKnownFileType = image.png; path = hues_menubar_highlight.png; sourceTree = "<group>"; };
		9202B08A147448C5001201EA /* hues_menubar_normal.png */ = {isa = PBXFileReference; lastKnownFileType = image.png; path = hues_menubar_normal.png; sourceTree = "<group>"; };
		9218A56F1796305800AEF7DE /* HuesGeneralPreferencesController.h */ = {isa = PBXFileReference; fileEncoding = 4; lastKnownFileType = sourcecode.c.h; path = HuesGeneralPreferencesController.h; sourceTree = "<group>"; };
		9218A5701796305800AEF7DE /* HuesGeneralPreferencesController.m */ = {isa = PBXFileReference; fileEncoding = 4; lastKnownFileType = sourcecode.c.objc; path = HuesGeneralPreferencesController.m; sourceTree = "<group>"; };
		9218A5711796305800AEF7DE /* HuesGeneralPreferencesController.xib */ = {isa = PBXFileReference; fileEncoding = 4; lastKnownFileType = file.xib; path = HuesGeneralPreferencesController.xib; sourceTree = "<group>"; };
		9218A57417963FAC00AEF7DE /* NSMutableArray+Move.h */ = {isa = PBXFileReference; fileEncoding = 4; lastKnownFileType = sourcecode.c.h; path = "NSMutableArray+Move.h"; sourceTree = "<group>"; };
		9218A57517963FAC00AEF7DE /* NSMutableArray+Move.m */ = {isa = PBXFileReference; fileEncoding = 4; lastKnownFileType = sourcecode.c.objc; path = "NSMutableArray+Move.m"; sourceTree = "<group>"; };
		9218A5771796406A00AEF7DE /* HuesNSMutableArray+MoveTest.h */ = {isa = PBXFileReference; fileEncoding = 4; lastKnownFileType = sourcecode.c.h; path = "HuesNSMutableArray+MoveTest.h"; sourceTree = "<group>"; };
		9218A5781796406A00AEF7DE /* HuesNSMutableArray+MoveTest.m */ = {isa = PBXFileReference; fileEncoding = 4; lastKnownFileType = sourcecode.c.objc; path = "HuesNSMutableArray+MoveTest.m"; sourceTree = "<group>"; };
		9218A5B7179AE31700AEF7DE /* HuesColor.h */ = {isa = PBXFileReference; fileEncoding = 4; lastKnownFileType = sourcecode.c.h; path = HuesColor.h; sourceTree = "<group>"; };
		9218A5B8179AE31700AEF7DE /* HuesColor.m */ = {isa = PBXFileReference; fileEncoding = 4; lastKnownFileType = sourcecode.c.objc; path = HuesColor.m; sourceTree = "<group>"; };
		9218A5BB179B27B300AEF7DE /* HuesColorConversion.h */ = {isa = PBXFileReference; fileEncoding = 4; lastKnownFileType = sourcecode.c.h; path = HuesColorConversion.h; sourceTree = "<group>"; };
		9218A5BC179B27B300AEF7DE /* HuesColorConversion.m */ = {isa = PBXFileReference; fileEncoding = 4; lastKnownFileType = sourcecode.c.objc; path = HuesColorConversion.m; sourceTree = "<group>"; };
		9218A5BE179B281100AEF7DE /* HuesColorConversionTest.h */ = {isa = PBXFileReference; fileEncoding = 4; lastKnownFileType = sourcecode.c.h; path = HuesColorConversionTest.h; sourceTree = "<group>"; };
		9218A5BF179B281100AEF7DE /* HuesColorConversionTest.m */ = {isa = PBXFileReference; fileEncoding = 4; lastKnownFileType = sourcecode.c.objc; path = HuesColorConversionTest.m; sourceTree = "<group>"; };
		9218A5C1179B561C00AEF7DE /* HuesColor+Formatting.h */ = {isa = PBXFileReference; fileEncoding = 4; lastKnownFileType = sourcecode.c.h; path = "HuesColor+Formatting.h"; sourceTree = "<group>"; };
		9218A5C2179B561C00AEF7DE /* HuesColor+Formatting.m */ = {isa = PBXFileReference; fileEncoding = 4; lastKnownFileType = sourcecode.c.objc; path = "HuesColor+Formatting.m"; sourceTree = "<group>"; };
		9218A5C4179B596800AEF7DE /* HuesColor+FormattingTest.h */ = {isa = PBXFileReference; fileEncoding = 4; lastKnownFileType = sourcecode.c.h; path = "HuesColor+FormattingTest.h"; sourceTree = "<group>"; };
		9218A5C5179B596900AEF7DE /* HuesColor+FormattingTest.m */ = {isa = PBXFileReference; fileEncoding = 4; lastKnownFileType = sourcecode.c.objc; path = "HuesColor+FormattingTest.m"; sourceTree = "<group>"; };
		921A8E4F167E6276002FCC42 /* HuesScopeBarView.h */ = {isa = PBXFileReference; fileEncoding = 4; lastKnownFileType = sourcecode.c.h; path = HuesScopeBarView.h; sourceTree = "<group>"; };
		921A8E50167E6276002FCC42 /* HuesScopeBarView.m */ = {isa = PBXFileReference; fileEncoding = 4; lastKnownFileType = sourcecode.c.objc; path = HuesScopeBarView.m; sourceTree = "<group>"; };
		921A8E7B167FE757002FCC42 /* HuesRGBViewController.h */ = {isa = PBXFileReference; fileEncoding = 4; lastKnownFileType = sourcecode.c.h; path = HuesRGBViewController.h; sourceTree = "<group>"; };
		921A8E7C167FE757002FCC42 /* HuesRGBViewController.m */ = {isa = PBXFileReference; fileEncoding = 4; lastKnownFileType = sourcecode.c.objc; path = HuesRGBViewController.m; sourceTree = "<group>"; };
		921A8E7D167FE757002FCC42 /* HuesRGBViewController.xib */ = {isa = PBXFileReference; fileEncoding = 4; lastKnownFileType = file.xib; path = HuesRGBViewController.xib; sourceTree = "<group>"; };
		921A8E81167FE8E2002FCC42 /* HuesHSBViewController.h */ = {isa = PBXFileReference; fileEncoding = 4; lastKnownFileType = sourcecode.c.h; path = HuesHSBViewController.h; sourceTree = "<group>"; };
		921A8E82167FE8E2002FCC42 /* HuesHSBViewController.m */ = {isa = PBXFileReference; fileEncoding = 4; lastKnownFileType = sourcecode.c.objc; path = HuesHSBViewController.m; sourceTree = "<group>"; };
		921A8E83167FE8E2002FCC42 /* HuesHSBViewController.xib */ = {isa = PBXFileReference; fileEncoding = 4; lastKnownFileType = file.xib; path = HuesHSBViewController.xib; sourceTree = "<group>"; };
		921DB1C51796E7C200ADDB2D /* HuesHSLMixerController.h */ = {isa = PBXFileReference; fileEncoding = 4; lastKnownFileType = sourcecode.c.h; path = HuesHSLMixerController.h; sourceTree = "<group>"; };
		921DB1C61796E7C200ADDB2D /* HuesHSLMixerController.m */ = {isa = PBXFileReference; fileEncoding = 4; lastKnownFileType = sourcecode.c.objc; path = HuesHSLMixerController.m; sourceTree = "<group>"; };
		921DB1C71796E7C200ADDB2D /* HuesHSLMixerController.xib */ = {isa = PBXFileReference; fileEncoding = 4; lastKnownFileType = file.xib; path = HuesHSLMixerController.xib; sourceTree = "<group>"; };
		921DB1E217971C9E00ADDB2D /* HuesTests.octest */ = {isa = PBXFileReference; explicitFileType = wrapper.cfbundle; includeInIndex = 0; path = HuesTests.octest; sourceTree = BUILT_PRODUCTS_DIR; };
		921DB1E717971C9F00ADDB2D /* HuesTests-Info.plist */ = {isa = PBXFileReference; lastKnownFileType = text.plist.xml; path = "HuesTests-Info.plist"; sourceTree = "<group>"; };
		921DB1E917971C9F00ADDB2D /* en */ = {isa = PBXFileReference; lastKnownFileType = text.plist.strings; name = en; path = en.lproj/InfoPlist.strings; sourceTree = "<group>"; };
		921DB1EE17971C9F00ADDB2D /* HuesTests-Prefix.pch */ = {isa = PBXFileReference; lastKnownFileType = sourcecode.c.h; path = "HuesTests-Prefix.pch"; sourceTree = "<group>"; };
		9228C51416F16A7500C57A48 /* magnifier.png */ = {isa = PBXFileReference; lastKnownFileType = image.png; path = magnifier.png; sourceTree = "<group>"; };
		9228C51516F16A7500C57A48 /* magnifier@2x.png */ = {isa = PBXFileReference; lastKnownFileType = image.png; path = "magnifier@2x.png"; sourceTree = "<group>"; };
		9228C51616F16A7500C57A48 /* slider-knob.png */ = {isa = PBXFileReference; lastKnownFileType = image.png; path = "slider-knob.png"; sourceTree = "<group>"; };
		9228C51716F16A7500C57A48 /* slider-knob@2x.png */ = {isa = PBXFileReference; lastKnownFileType = image.png; path = "slider-knob@2x.png"; sourceTree = "<group>"; };
		9228C51C16F2B0D800C57A48 /* SenTestingKit.framework */ = {isa = PBXFileReference; lastKnownFileType = wrapper.framework; name = SenTestingKit.framework; path = Library/Frameworks/SenTestingKit.framework; sourceTree = DEVELOPER_DIR; };
		923098AD167FF2E700F98571 /* HuesMixerViewController.h */ = {isa = PBXFileReference; fileEncoding = 4; lastKnownFileType = sourcecode.c.h; path = HuesMixerViewController.h; sourceTree = "<group>"; };
		923098AE167FF2E700F98571 /* HuesMixerViewController.m */ = {isa = PBXFileReference; fileEncoding = 4; lastKnownFileType = sourcecode.c.objc; path = HuesMixerViewController.m; sourceTree = "<group>"; };
		923098B11680012C00F98571 /* HuesHueColorSlider.h */ = {isa = PBXFileReference; fileEncoding = 4; lastKnownFileType = sourcecode.c.h; path = HuesHueColorSlider.h; sourceTree = "<group>"; };
		923098B21680012C00F98571 /* HuesHueColorSlider.m */ = {isa = PBXFileReference; fileEncoding = 4; lastKnownFileType = sourcecode.c.objc; path = HuesHueColorSlider.m; sourceTree = "<group>"; };
		923098B41680016300F98571 /* HuesHueColorSliderCell.h */ = {isa = PBXFileReference; fileEncoding = 4; lastKnownFileType = sourcecode.c.h; path = HuesHueColorSliderCell.h; sourceTree = "<group>"; };
		923098B51680016300F98571 /* HuesHueColorSliderCell.m */ = {isa = PBXFileReference; fileEncoding = 4; lastKnownFileType = sourcecode.c.objc; path = HuesHueColorSliderCell.m; sourceTree = "<group>"; };
		923098B71680058700F98571 /* HuesColorWheelViewController.h */ = {isa = PBXFileReference; fileEncoding = 4; lastKnownFileType = sourcecode.c.h; path = HuesColorWheelViewController.h; sourceTree = "<group>"; };
		923098B81680058700F98571 /* HuesColorWheelViewController.m */ = {isa = PBXFileReference; fileEncoding = 4; lastKnownFileType = sourcecode.c.objc; path = HuesColorWheelViewController.m; sourceTree = "<group>"; };
		923098B91680058700F98571 /* HuesColorWheelViewController.xib */ = {isa = PBXFileReference; fileEncoding = 4; lastKnownFileType = file.xib; path = HuesColorWheelViewController.xib; sourceTree = "<group>"; };
		923098BC1680064D00F98571 /* HuesColorWheelView.h */ = {isa = PBXFileReference; fileEncoding = 4; lastKnownFileType = sourcecode.c.h; path = HuesColorWheelView.h; sourceTree = "<group>"; };
		923098BD1680064D00F98571 /* HuesColorWheelView.m */ = {isa = PBXFileReference; fileEncoding = 4; lastKnownFileType = sourcecode.c.objc; path = HuesColorWheelView.m; sourceTree = "<group>"; };
		923098BF16800EBF00F98571 /* HuesColorWheelHueView.h */ = {isa = PBXFileReference; fileEncoding = 4; lastKnownFileType = sourcecode.c.h; path = HuesColorWheelHueView.h; sourceTree = "<group>"; };
		923098C016800EBF00F98571 /* HuesColorWheelHueView.m */ = {isa = PBXFileReference; fileEncoding = 4; lastKnownFileType = sourcecode.c.objc; path = HuesColorWheelHueView.m; sourceTree = "<group>"; };
		92314E4F179741D90044158A /* text-field-background.png */ = {isa = PBXFileReference; lastKnownFileType = image.png; path = "text-field-background.png"; sourceTree = "<group>"; };
		92314E50179741D90044158A /* text-field-background@2x.png */ = {isa = PBXFileReference; lastKnownFileType = image.png; path = "text-field-background@2x.png"; sourceTree = "<group>"; };
		92314E531797422B0044158A /* HuesTextFieldCell.h */ = {isa = PBXFileReference; fileEncoding = 4; lastKnownFileType = sourcecode.c.h; path = HuesTextFieldCell.h; sourceTree = "<group>"; };
		92314E541797422B0044158A /* HuesTextFieldCell.m */ = {isa = PBXFileReference; fileEncoding = 4; lastKnownFileType = sourcecode.c.objc; path = HuesTextFieldCell.m; sourceTree = "<group>"; };
		9234D51A167BDDB000A33702 /* HuesColorSlider.h */ = {isa = PBXFileReference; fileEncoding = 4; lastKnownFileType = sourcecode.c.h; path = HuesColorSlider.h; sourceTree = "<group>"; };
		9234D51B167BDDB000A33702 /* HuesColorSlider.m */ = {isa = PBXFileReference; fileEncoding = 4; lastKnownFileType = sourcecode.c.objc; path = HuesColorSlider.m; sourceTree = "<group>"; };
		9234D51E167BDE0E00A33702 /* HuesColorSliderCell.h */ = {isa = PBXFileReference; fileEncoding = 4; lastKnownFileType = sourcecode.c.h; path = HuesColorSliderCell.h; sourceTree = "<group>"; };
		9234D51F167BDE0E00A33702 /* HuesColorSliderCell.m */ = {isa = PBXFileReference; fileEncoding = 4; lastKnownFileType = sourcecode.c.objc; path = HuesColorSliderCell.m; sourceTree = "<group>"; };
		923CA14F1467394E003CC8BB /* HuesLoupeView.h */ = {isa = PBXFileReference; fileEncoding = 4; lastKnownFileType = sourcecode.c.h; path = HuesLoupeView.h; sourceTree = "<group>"; };
		923CA1501467394E003CC8BB /* HuesLoupeView.m */ = {isa = PBXFileReference; fileEncoding = 4; lastKnownFileType = sourcecode.c.objc; path = HuesLoupeView.m; sourceTree = "<group>"; };
		923CA1511467394E003CC8BB /* HuesLoupeWindow.h */ = {isa = PBXFileReference; fileEncoding = 4; lastKnownFileType = sourcecode.c.h; path = HuesLoupeWindow.h; sourceTree = "<group>"; };
		923CA1521467394E003CC8BB /* HuesLoupeWindow.m */ = {isa = PBXFileReference; fileEncoding = 4; lastKnownFileType = sourcecode.c.objc; path = HuesLoupeWindow.m; sourceTree = "<group>"; };
		92513EAD1760DFCC00ED644C /* HuesPalette.h */ = {isa = PBXFileReference; fileEncoding = 4; lastKnownFileType = sourcecode.c.h; path = HuesPalette.h; sourceTree = "<group>"; };
		92513EAE1760DFCC00ED644C /* HuesPalette.m */ = {isa = PBXFileReference; fileEncoding = 4; lastKnownFileType = sourcecode.c.objc; path = HuesPalette.m; sourceTree = "<group>"; };
		92513EB117612B9F00ED644C /* HuesPaletteItem.h */ = {isa = PBXFileReference; fileEncoding = 4; lastKnownFileType = sourcecode.c.h; path = HuesPaletteItem.h; sourceTree = "<group>"; };
		92513EB217612B9F00ED644C /* HuesPaletteItem.m */ = {isa = PBXFileReference; fileEncoding = 4; lastKnownFileType = sourcecode.c.objc; path = HuesPaletteItem.m; sourceTree = "<group>"; };
		9264FE5D1393EC9F00935FAC /* Hues.app */ = {isa = PBXFileReference; explicitFileType = wrapper.application; includeInIndex = 0; path = Hues.app; sourceTree = BUILT_PRODUCTS_DIR; };
		9264FE611393EC9F00935FAC /* Cocoa.framework */ = {isa = PBXFileReference; includeInIndex = 1; lastKnownFileType = wrapper.framework; name = Cocoa.framework; path = System/Library/Frameworks/Cocoa.framework; sourceTree = SDKROOT; };
		9264FE641393EC9F00935FAC /* AppKit.framework */ = {isa = PBXFileReference; lastKnownFileType = wrapper.framework; name = AppKit.framework; path = System/Library/Frameworks/AppKit.framework; sourceTree = SDKROOT; };
		9264FE651393EC9F00935FAC /* CoreData.framework */ = {isa = PBXFileReference; lastKnownFileType = wrapper.framework; name = CoreData.framework; path = System/Library/Frameworks/CoreData.framework; sourceTree = SDKROOT; };
		9264FE661393EC9F00935FAC /* Foundation.framework */ = {isa = PBXFileReference; lastKnownFileType = wrapper.framework; name = Foundation.framework; path = System/Library/Frameworks/Foundation.framework; sourceTree = SDKROOT; };
		9264FE691393EC9F00935FAC /* Hues-Info.plist */ = {isa = PBXFileReference; lastKnownFileType = text.plist.xml; path = "Hues-Info.plist"; sourceTree = "<group>"; };
		9264FE6B1393EC9F00935FAC /* en */ = {isa = PBXFileReference; lastKnownFileType = text.plist.strings; name = en; path = en.lproj/InfoPlist.strings; sourceTree = "<group>"; };
		9264FE6D1393EC9F00935FAC /* Hues-Prefix.pch */ = {isa = PBXFileReference; lastKnownFileType = sourcecode.c.h; path = "Hues-Prefix.pch"; sourceTree = "<group>"; };
		9264FE6E1393EC9F00935FAC /* main.m */ = {isa = PBXFileReference; lastKnownFileType = sourcecode.c.objc; path = main.m; sourceTree = "<group>"; };
		926ACEEA1790523A00C8E1BE /* HuesColorFormatterTest.h */ = {isa = PBXFileReference; fileEncoding = 4; lastKnownFileType = sourcecode.c.h; path = HuesColorFormatterTest.h; sourceTree = "<group>"; };
		926ACEEB1790523A00C8E1BE /* HuesColorFormatterTest.m */ = {isa = PBXFileReference; fileEncoding = 4; lastKnownFileType = sourcecode.c.objc; path = HuesColorFormatterTest.m; sourceTree = "<group>"; };
		926ACEEF1790A4DF00C8E1BE /* HuesLoupeController.h */ = {isa = PBXFileReference; fileEncoding = 4; lastKnownFileType = sourcecode.c.h; path = HuesLoupeController.h; sourceTree = "<group>"; };
		926ACEF01790A4DF00C8E1BE /* HuesLoupeController.m */ = {isa = PBXFileReference; fileEncoding = 4; lastKnownFileType = sourcecode.c.objc; path = HuesLoupeController.m; sourceTree = "<group>"; };
		928626A81640262200DA16BE /* Hues.entitlements */ = {isa = PBXFileReference; lastKnownFileType = text.xml; path = Hues.entitlements; sourceTree = SOURCE_ROOT; };
		928626FE164031B600DA16BE /* HuesStatusItemView.h */ = {isa = PBXFileReference; fileEncoding = 4; lastKnownFileType = sourcecode.c.h; path = HuesStatusItemView.h; sourceTree = "<group>"; };
		928626FF164031B600DA16BE /* HuesStatusItemView.m */ = {isa = PBXFileReference; fileEncoding = 4; lastKnownFileType = sourcecode.c.objc; path = HuesStatusItemView.m; sourceTree = "<group>"; };
		9286270516405BF000DA16BE /* HuesGradientLine.h */ = {isa = PBXFileReference; fileEncoding = 4; lastKnownFileType = sourcecode.c.h; path = HuesGradientLine.h; sourceTree = "<group>"; };
		9286270616405BF000DA16BE /* HuesGradientLine.m */ = {isa = PBXFileReference; fileEncoding = 4; lastKnownFileType = sourcecode.c.objc; path = HuesGradientLine.m; sourceTree = "<group>"; };
		92A6693E17A02C3900F037DC /* HuesPaletteTest.h */ = {isa = PBXFileReference; fileEncoding = 4; lastKnownFileType = sourcecode.c.h; path = HuesPaletteTest.h; sourceTree = "<group>"; };
		92A6693F17A02C3900F037DC /* HuesPaletteTest.m */ = {isa = PBXFileReference; fileEncoding = 4; lastKnownFileType = sourcecode.c.objc; path = HuesPaletteTest.m; sourceTree = "<group>"; };
		92A6694117A032AC00F037DC /* HuesPalettesController.h */ = {isa = PBXFileReference; fileEncoding = 4; lastKnownFileType = sourcecode.c.h; path = HuesPalettesController.h; sourceTree = "<group>"; };
		92A6694217A032AC00F037DC /* HuesPalettesController.m */ = {isa = PBXFileReference; fileEncoding = 4; lastKnownFileType = sourcecode.c.objc; path = HuesPalettesController.m; sourceTree = "<group>"; };
		92A6694317A032AC00F037DC /* HuesPalettesController.xib */ = {isa = PBXFileReference; fileEncoding = 4; lastKnownFileType = file.xib; path = HuesPalettesController.xib; sourceTree = "<group>"; };
		92A6698617A0614600F037DC /* HuesPaletteItemCellView.h */ = {isa = PBXFileReference; fileEncoding = 4; lastKnownFileType = sourcecode.c.h; path = HuesPaletteItemCellView.h; sourceTree = "<group>"; };
		92A6698717A0614700F037DC /* HuesPaletteItemCellView.m */ = {isa = PBXFileReference; fileEncoding = 4; lastKnownFileType = sourcecode.c.objc; path = HuesPaletteItemCellView.m; sourceTree = "<group>"; };
		92A6698917A063D200F037DC /* HuesPalettesManager.h */ = {isa = PBXFileReference; fileEncoding = 4; lastKnownFileType = sourcecode.c.h; path = HuesPalettesManager.h; sourceTree = "<group>"; };
		92A6698A17A063D200F037DC /* HuesPalettesManager.m */ = {isa = PBXFileReference; fileEncoding = 4; lastKnownFileType = sourcecode.c.objc; path = HuesPalettesManager.m; sourceTree = "<group>"; };
		92A6698E17A07CC100F037DC /* HuesColorWell.h */ = {isa = PBXFileReference; fileEncoding = 4; lastKnownFileType = sourcecode.c.h; path = HuesColorWell.h; sourceTree = "<group>"; };
		92A6698F17A07CC200F037DC /* HuesColorWell.m */ = {isa = PBXFileReference; fileEncoding = 4; lastKnownFileType = sourcecode.c.objc; path = HuesColorWell.m; sourceTree = "<group>"; };
		92AAF5B41642FEBE00DC09E8 /* HuesApplication.h */ = {isa = PBXFileReference; fileEncoding = 4; lastKnownFileType = sourcecode.c.h; path = HuesApplication.h; sourceTree = "<group>"; };
		92AAF5B51642FEBE00DC09E8 /* HuesApplication.m */ = {isa = PBXFileReference; fileEncoding = 4; lastKnownFileType = sourcecode.c.objc; path = HuesApplication.m; sourceTree = "<group>"; };
		92C1144A179E26470092E3CB /* copy-button.png */ = {isa = PBXFileReference; lastKnownFileType = image.png; path = "copy-button.png"; sourceTree = "<group>"; };
		92C1144B179E26470092E3CB /* copy-button@2x.png */ = {isa = PBXFileReference; lastKnownFileType = image.png; path = "copy-button@2x.png"; sourceTree = "<group>"; };
		92C1144E179E275D0092E3CB /* copy-button-down.png */ = {isa = PBXFileReference; lastKnownFileType = image.png; path = "copy-button-down.png"; sourceTree = "<group>"; };
		92C1144F179E275D0092E3CB /* copy-button-down@2x.png */ = {isa = PBXFileReference; lastKnownFileType = image.png; path = "copy-button-down@2x.png"; sourceTree = "<group>"; };
		92C11452179E28D40092E3CB /* text-field-fill.png */ = {isa = PBXFileReference; lastKnownFileType = image.png; path = "text-field-fill.png"; sourceTree = "<group>"; };
		92C11453179E28D40092E3CB /* text-field-fill@2x.png */ = {isa = PBXFileReference; lastKnownFileType = image.png; path = "text-field-fill@2x.png"; sourceTree = "<group>"; };
		92C11454179E28D40092E3CB /* text-field-left.png */ = {isa = PBXFileReference; lastKnownFileType = image.png; path = "text-field-left.png"; sourceTree = "<group>"; };
		92C11455179E28D40092E3CB /* text-field-left@2x.png */ = {isa = PBXFileReference; lastKnownFileType = image.png; path = "text-field-left@2x.png"; sourceTree = "<group>"; };
		92C11456179E28D40092E3CB /* text-field-right.png */ = {isa = PBXFileReference; lastKnownFileType = image.png; path = "text-field-right.png"; sourceTree = "<group>"; };
		92C11457179E28D40092E3CB /* text-field-right@2x.png */ = {isa = PBXFileReference; lastKnownFileType = image.png; path = "text-field-right@2x.png"; sourceTree = "<group>"; };
		92C1145E179E2C340092E3CB /* HuesScopeBarButton.h */ = {isa = PBXFileReference; fileEncoding = 4; lastKnownFileType = sourcecode.c.h; path = HuesScopeBarButton.h; sourceTree = "<group>"; };
		92C1145F179E2C340092E3CB /* HuesScopeBarButton.m */ = {isa = PBXFileReference; fileEncoding = 4; lastKnownFileType = sourcecode.c.objc; path = HuesScopeBarButton.m; sourceTree = "<group>"; };
		92C11461179E2D1A0092E3CB /* scope-bar-button-fill.png */ = {isa = PBXFileReference; lastKnownFileType = image.png; path = "scope-bar-button-fill.png"; sourceTree = "<group>"; };
		92C11462179E2D1A0092E3CB /* scope-bar-button-fill@2x.png */ = {isa = PBXFileReference; lastKnownFileType = image.png; path = "scope-bar-button-fill@2x.png"; sourceTree = "<group>"; };
		92C11463179E2D1A0092E3CB /* scope-bar-button-left.png */ = {isa = PBXFileReference; lastKnownFileType = image.png; path = "scope-bar-button-left.png"; sourceTree = "<group>"; };
		92C11464179E2D1A0092E3CB /* scope-bar-button-left@2x.png */ = {isa = PBXFileReference; lastKnownFileType = image.png; path = "scope-bar-button-left@2x.png"; sourceTree = "<group>"; };
		92C11465179E2D1A0092E3CB /* scope-bar-button-right.png */ = {isa = PBXFileReference; lastKnownFileType = image.png; path = "scope-bar-button-right.png"; sourceTree = "<group>"; };
		92C11466179E2D1A0092E3CB /* scope-bar-button-right@2x.png */ = {isa = PBXFileReference; lastKnownFileType = image.png; path = "scope-bar-button-right@2x.png"; sourceTree = "<group>"; };
		92C1146E17A09C6A0092E3CB /* HuesPaletteExporter.h */ = {isa = PBXFileReference; fileEncoding = 4; lastKnownFileType = sourcecode.c.h; path = HuesPaletteExporter.h; sourceTree = "<group>"; };
		92C1146F17A09C6A0092E3CB /* HuesPaletteExporter.m */ = {isa = PBXFileReference; fileEncoding = 4; lastKnownFileType = sourcecode.c.objc; path = HuesPaletteExporter.m; sourceTree = "<group>"; };
		92E7D6781393ED080072C412 /* HuesAppDelegate.h */ = {isa = PBXFileReference; fileEncoding = 4; lastKnownFileType = sourcecode.c.h; path = HuesAppDelegate.h; sourceTree = "<group>"; };
		92E7D6791393ED080072C412 /* HuesAppDelegate.m */ = {isa = PBXFileReference; fileEncoding = 4; lastKnownFileType = sourcecode.c.objc; path = HuesAppDelegate.m; sourceTree = "<group>"; };
		92E7D67A1393ED080072C412 /* HuesColorsView.h */ = {isa = PBXFileReference; fileEncoding = 4; lastKnownFileType = sourcecode.c.h; path = HuesColorsView.h; sourceTree = "<group>"; };
		92E7D67B1393ED080072C412 /* HuesColorsView.m */ = {isa = PBXFileReference; fileEncoding = 4; lastKnownFileType = sourcecode.c.objc; path = HuesColorsView.m; sourceTree = "<group>"; };
		92E7D67C1393ED080072C412 /* HuesDefines.h */ = {isa = PBXFileReference; fileEncoding = 4; lastKnownFileType = sourcecode.c.h; path = HuesDefines.h; sourceTree = "<group>"; };
		92E7D67D1393ED080072C412 /* HuesDefines.m */ = {isa = PBXFileReference; fileEncoding = 4; lastKnownFileType = sourcecode.c.objc; path = HuesDefines.m; sourceTree = "<group>"; };
		92E7D67E1393ED080072C412 /* HuesHistoryManager.h */ = {isa = PBXFileReference; fileEncoding = 4; lastKnownFileType = sourcecode.c.h; path = HuesHistoryManager.h; sourceTree = "<group>"; };
		92E7D67F1393ED080072C412 /* HuesHistoryManager.m */ = {isa = PBXFileReference; fileEncoding = 4; lastKnownFileType = sourcecode.c.objc; path = HuesHistoryManager.m; sourceTree = "<group>"; };
		92E7D6821393ED080072C412 /* HuesPreferences.h */ = {isa = PBXFileReference; fileEncoding = 4; lastKnownFileType = sourcecode.c.h; path = HuesPreferences.h; sourceTree = "<group>"; };
		92E7D6831393ED080072C412 /* HuesPreferences.m */ = {isa = PBXFileReference; fileEncoding = 4; lastKnownFileType = sourcecode.c.objc; path = HuesPreferences.m; sourceTree = "<group>"; };
		92E7D6841393ED080072C412 /* HuesPreferencesController.h */ = {isa = PBXFileReference; fileEncoding = 4; lastKnownFileType = sourcecode.c.h; path = HuesPreferencesController.h; sourceTree = "<group>"; };
		92E7D6851393ED080072C412 /* HuesPreferencesController.m */ = {isa = PBXFileReference; fileEncoding = 4; lastKnownFileType = sourcecode.c.objc; path = HuesPreferencesController.m; sourceTree = "<group>"; };
		92E7D6861393ED080072C412 /* NSColor+Hues.h */ = {isa = PBXFileReference; fileEncoding = 4; lastKnownFileType = sourcecode.c.h; path = "NSColor+Hues.h"; sourceTree = "<group>"; };
		92E7D6871393ED080072C412 /* NSColor+Hues.m */ = {isa = PBXFileReference; fileEncoding = 4; lastKnownFileType = sourcecode.c.objc; path = "NSColor+Hues.m"; sourceTree = "<group>"; };
		92E7D6881393ED080072C412 /* NSImage+Hues.h */ = {isa = PBXFileReference; fileEncoding = 4; lastKnownFileType = sourcecode.c.h; path = "NSImage+Hues.h"; sourceTree = "<group>"; };
		92E7D6891393ED080072C412 /* NSImage+Hues.m */ = {isa = PBXFileReference; fileEncoding = 4; lastKnownFileType = sourcecode.c.objc; path = "NSImage+Hues.m"; sourceTree = "<group>"; };
		92E7D6951393ED1B0072C412 /* CHANGELOG.md */ = {isa = PBXFileReference; fileEncoding = 4; lastKnownFileType = text; path = CHANGELOG.md; sourceTree = "<group>"; };
		92E7D6991393ED2E0072C412 /* hues_app_icon.icns */ = {isa = PBXFileReference; lastKnownFileType = image.icns; path = hues_app_icon.icns; sourceTree = "<group>"; };
		92E7D69C1393ED830072C412 /* HuesPreferencesController.xib */ = {isa = PBXFileReference; fileEncoding = 4; lastKnownFileType = file.xib; path = HuesPreferencesController.xib; sourceTree = "<group>"; };
		92E7D6A81393EDFA0072C412 /* MainMenu.xib */ = {isa = PBXFileReference; fileEncoding = 4; lastKnownFileType = file.xib; path = MainMenu.xib; sourceTree = "<group>"; };
		92E7D6B71393F1E70072C412 /* HuesColorTest.m */ = {isa = PBXFileReference; fileEncoding = 4; lastKnownFileType = sourcecode.c.objc; path = HuesColorTest.m; sourceTree = "<group>"; };
		92F13DC3178EFD0700E699E4 /* HuesColorParser.h */ = {isa = PBXFileReference; fileEncoding = 4; lastKnownFileType = sourcecode.c.h; path = HuesColorParser.h; sourceTree = "<group>"; };
		92F13DC4178EFD0700E699E4 /* HuesColorParser.m */ = {isa = PBXFileReference; fileEncoding = 4; lastKnownFileType = sourcecode.c.objc; path = HuesColorParser.m; sourceTree = "<group>"; };
		92F13DC6178EFD3400E699E4 /* HuesColorParserTest.h */ = {isa = PBXFileReference; fileEncoding = 4; lastKnownFileType = sourcecode.c.h; path = HuesColorParserTest.h; sourceTree = "<group>"; };
		92F13DC7178EFD3400E699E4 /* HuesColorParserTest.m */ = {isa = PBXFileReference; fileEncoding = 4; lastKnownFileType = sourcecode.c.objc; path = HuesColorParserTest.m; sourceTree = "<group>"; };
		92F13DCA178F00ED00E699E4 /* HuesColorFormatter.h */ = {isa = PBXFileReference; fileEncoding = 4; lastKnownFileType = sourcecode.c.h; path = HuesColorFormatter.h; sourceTree = "<group>"; };
		92F13DCB178F00ED00E699E4 /* HuesColorFormatter.m */ = {isa = PBXFileReference; fileEncoding = 4; lastKnownFileType = sourcecode.c.objc; path = HuesColorFormatter.m; sourceTree = "<group>"; };
		92F13DCD178F1F6100E699E4 /* NSScanner+Hues.h */ = {isa = PBXFileReference; fileEncoding = 4; lastKnownFileType = sourcecode.c.h; path = "NSScanner+Hues.h"; sourceTree = "<group>"; };
		92F13DCE178F1F6100E699E4 /* NSScanner+Hues.m */ = {isa = PBXFileReference; fileEncoding = 4; lastKnownFileType = sourcecode.c.objc; path = "NSScanner+Hues.m"; sourceTree = "<group>"; };
		92F13DD0178F4D9400E699E4 /* HuesColorFormattingPreferencesController.h */ = {isa = PBXFileReference; fileEncoding = 4; lastKnownFileType = sourcecode.c.h; path = HuesColorFormattingPreferencesController.h; sourceTree = "<group>"; };
		92F13DD1178F4D9400E699E4 /* HuesColorFormattingPreferencesController.m */ = {isa = PBXFileReference; fileEncoding = 4; lastKnownFileType = sourcecode.c.objc; path = HuesColorFormattingPreferencesController.m; sourceTree = "<group>"; };
		92F13DD2178F4D9400E699E4 /* HuesColorFormattingPreferencesController.xib */ = {isa = PBXFileReference; fileEncoding = 4; lastKnownFileType = file.xib; path = HuesColorFormattingPreferencesController.xib; sourceTree = "<group>"; };
		92F13DD8178F651100E699E4 /* HuesPreferencesViewControllerProtocol.h */ = {isa = PBXFileReference; fileEncoding = 4; lastKnownFileType = sourcecode.c.h; path = HuesPreferencesViewControllerProtocol.h; sourceTree = "<group>"; };
		92FBF1121666BFBB00BDC670 /* HuesWindowController.xib */ = {isa = PBXFileReference; fileEncoding = 4; lastKnownFileType = file.xib; path = HuesWindowController.xib; sourceTree = "<group>"; };
		92FBF1151666C12700BDC670 /* HuesWindowController.h */ = {isa = PBXFileReference; fileEncoding = 4; lastKnownFileType = sourcecode.c.h; path = HuesWindowController.h; sourceTree = "<group>"; };
		92FBF1161666C12700BDC670 /* HuesWindowController.m */ = {isa = PBXFileReference; fileEncoding = 4; lastKnownFileType = sourcecode.c.objc; path = HuesWindowController.m; sourceTree = "<group>"; };
		92FBF1181667049400BDC670 /* HuesWindowContentView.h */ = {isa = PBXFileReference; fileEncoding = 4; lastKnownFileType = sourcecode.c.h; path = HuesWindowContentView.h; sourceTree = "<group>"; };
		92FBF1191667049400BDC670 /* HuesWindowContentView.m */ = {isa = PBXFileReference; fileEncoding = 4; lastKnownFileType = sourcecode.c.objc; path = HuesWindowContentView.m; sourceTree = "<group>"; };
		A84020242F57497396E19593 /* libPods.a */ = {isa = PBXFileReference; explicitFileType = archive.ar; includeInIndex = 0; path = libPods.a; sourceTree = BUILT_PRODUCTS_DIR; };
		C1B46F0AE0FF4F7A88958C12 /* libPods-test.a */ = {isa = PBXFileReference; explicitFileType = archive.ar; includeInIndex = 0; path = "libPods-test.a"; sourceTree = BUILT_PRODUCTS_DIR; };
		F008C1E6DBF74626A537436C /* libPods-test.a */ = {isa = PBXFileReference; explicitFileType = archive.ar; includeInIndex = 0; path = "libPods-test.a"; sourceTree = BUILT_PRODUCTS_DIR; };
		F8F6F48A4C034FEC92A3C4C7 /* Pods.xcconfig */ = {isa = PBXFileReference; includeInIndex = 1; lastKnownFileType = text.xcconfig; name = Pods.xcconfig; path = Pods/Pods.xcconfig; sourceTree = SOURCE_ROOT; };
/* End PBXFileReference section */

/* Begin PBXFrameworksBuildPhase section */
		921DB1DE17971C9E00ADDB2D /* Frameworks */ = {
			isa = PBXFrameworksBuildPhase;
			buildActionMask = 2147483647;
			files = (
				921DB1E317971C9E00ADDB2D /* SenTestingKit.framework in Frameworks */,
				921DB1E417971C9E00ADDB2D /* Cocoa.framework in Frameworks */,
				437A7AB1DDF84F63B26E795F /* libPods-test.a in Frameworks */,
			);
			runOnlyForDeploymentPostprocessing = 0;
		};
		9264FE5A1393EC9F00935FAC /* Frameworks */ = {
			isa = PBXFrameworksBuildPhase;
			buildActionMask = 2147483647;
			files = (
				9264FE621393EC9F00935FAC /* Cocoa.framework in Frameworks */,
				19C657B3150F44E685004A9E /* libPods.a in Frameworks */,
			);
			runOnlyForDeploymentPostprocessing = 0;
		};
/* End PBXFrameworksBuildPhase section */

/* Begin PBXGroup section */
		9218A5BA179B24D900AEF7DE /* ColorKit */ = {
			isa = PBXGroup;
			children = (
				92E7D6861393ED080072C412 /* NSColor+Hues.h */,
				92E7D6871393ED080072C412 /* NSColor+Hues.m */,
				9218A5B7179AE31700AEF7DE /* HuesColor.h */,
				9218A5B8179AE31700AEF7DE /* HuesColor.m */,
				92F13DC3178EFD0700E699E4 /* HuesColorParser.h */,
				92F13DC4178EFD0700E699E4 /* HuesColorParser.m */,
				92F13DCA178F00ED00E699E4 /* HuesColorFormatter.h */,
				92F13DCB178F00ED00E699E4 /* HuesColorFormatter.m */,
				9218A5BB179B27B300AEF7DE /* HuesColorConversion.h */,
				9218A5BC179B27B300AEF7DE /* HuesColorConversion.m */,
				9218A5C1179B561C00AEF7DE /* HuesColor+Formatting.h */,
				9218A5C2179B561C00AEF7DE /* HuesColor+Formatting.m */,
			);
			name = ColorKit;
			sourceTree = "<group>";
		};
		921DB1CA1796E7F400ADDB2D /* Mixers */ = {
			isa = PBXGroup;
			children = (
				923098AD167FF2E700F98571 /* HuesMixerViewController.h */,
				923098AE167FF2E700F98571 /* HuesMixerViewController.m */,
				921A8E7B167FE757002FCC42 /* HuesRGBViewController.h */,
				921A8E7C167FE757002FCC42 /* HuesRGBViewController.m */,
				921A8E81167FE8E2002FCC42 /* HuesHSBViewController.h */,
				921A8E82167FE8E2002FCC42 /* HuesHSBViewController.m */,
				921DB1C51796E7C200ADDB2D /* HuesHSLMixerController.h */,
				921DB1C61796E7C200ADDB2D /* HuesHSLMixerController.m */,
				923098B71680058700F98571 /* HuesColorWheelViewController.h */,
				923098B81680058700F98571 /* HuesColorWheelViewController.m */,
			);
			name = Mixers;
			sourceTree = "<group>";
		};
		921DB1CB1796E80500ADDB2D /* Preferences */ = {
			isa = PBXGroup;
			children = (
				92E7D6841393ED080072C412 /* HuesPreferencesController.h */,
				92E7D6851393ED080072C412 /* HuesPreferencesController.m */,
				92F13DD8178F651100E699E4 /* HuesPreferencesViewControllerProtocol.h */,
				92F13DD0178F4D9400E699E4 /* HuesColorFormattingPreferencesController.h */,
				92F13DD1178F4D9400E699E4 /* HuesColorFormattingPreferencesController.m */,
				9218A56F1796305800AEF7DE /* HuesGeneralPreferencesController.h */,
				9218A5701796305800AEF7DE /* HuesGeneralPreferencesController.m */,
			);
			name = Preferences;
			sourceTree = "<group>";
		};
		921DB1E517971C9E00ADDB2D /* HuesTests */ = {
			isa = PBXGroup;
			children = (
				92E7D6B71393F1E70072C412 /* HuesColorTest.m */,
				9218A5C4179B596800AEF7DE /* HuesColor+FormattingTest.h */,
				9218A5C5179B596900AEF7DE /* HuesColor+FormattingTest.m */,
				92F13DC6178EFD3400E699E4 /* HuesColorParserTest.h */,
				92F13DC7178EFD3400E699E4 /* HuesColorParserTest.m */,
				926ACEEA1790523A00C8E1BE /* HuesColorFormatterTest.h */,
				926ACEEB1790523A00C8E1BE /* HuesColorFormatterTest.m */,
				9218A5BE179B281100AEF7DE /* HuesColorConversionTest.h */,
				9218A5BF179B281100AEF7DE /* HuesColorConversionTest.m */,
				9218A5771796406A00AEF7DE /* HuesNSMutableArray+MoveTest.h */,
				9218A5781796406A00AEF7DE /* HuesNSMutableArray+MoveTest.m */,
				92A6693E17A02C3900F037DC /* HuesPaletteTest.h */,
				92A6693F17A02C3900F037DC /* HuesPaletteTest.m */,
				921DB1E617971C9F00ADDB2D /* Supporting Files */,
			);
			path = HuesTests;
			sourceTree = "<group>";
		};
		921DB1E617971C9F00ADDB2D /* Supporting Files */ = {
			isa = PBXGroup;
			children = (
				921DB1E717971C9F00ADDB2D /* HuesTests-Info.plist */,
				921DB1E817971C9F00ADDB2D /* InfoPlist.strings */,
				921DB1EE17971C9F00ADDB2D /* HuesTests-Prefix.pch */,
			);
			name = "Supporting Files";
			sourceTree = "<group>";
		};
		9264FE521393EC9F00935FAC = {
			isa = PBXGroup;
			children = (
				9264FE671393EC9F00935FAC /* Hues */,
				921DB1E517971C9E00ADDB2D /* HuesTests */,
				9264FE601393EC9F00935FAC /* Frameworks */,
				9264FE5E1393EC9F00935FAC /* Products */,
				F8F6F48A4C034FEC92A3C4C7 /* Pods.xcconfig */,
				4D389B701E4D4819BA28ED8D /* Pods-test.xcconfig */,
				317FB30131B84CCFA90887F2 /* Pods-test.xcconfig */,
			);
			sourceTree = "<group>";
			usesTabs = 1;
		};
		9264FE5E1393EC9F00935FAC /* Products */ = {
			isa = PBXGroup;
			children = (
				9264FE5D1393EC9F00935FAC /* Hues.app */,
				921DB1E217971C9E00ADDB2D /* HuesTests.octest */,
			);
			name = Products;
			sourceTree = "<group>";
		};
		9264FE601393EC9F00935FAC /* Frameworks */ = {
			isa = PBXGroup;
			children = (
				9228C51C16F2B0D800C57A48 /* SenTestingKit.framework */,
				9264FE611393EC9F00935FAC /* Cocoa.framework */,
				9264FE631393EC9F00935FAC /* Other Frameworks */,
				A84020242F57497396E19593 /* libPods.a */,
				F008C1E6DBF74626A537436C /* libPods-test.a */,
				C1B46F0AE0FF4F7A88958C12 /* libPods-test.a */,
			);
			name = Frameworks;
			sourceTree = "<group>";
		};
		9264FE631393EC9F00935FAC /* Other Frameworks */ = {
			isa = PBXGroup;
			children = (
				9264FE641393EC9F00935FAC /* AppKit.framework */,
				9264FE651393EC9F00935FAC /* CoreData.framework */,
				9264FE661393EC9F00935FAC /* Foundation.framework */,
			);
			name = "Other Frameworks";
			sourceTree = "<group>";
		};
		9264FE671393EC9F00935FAC /* Hues */ = {
			isa = PBXGroup;
			children = (
				9218A5BA179B24D900AEF7DE /* ColorKit */,
				928626AA1640281000DA16BE /* Application */,
				92E7D6B21393EFB70072C412 /* Categories */,
				92E7D6B51393EFEE0072C412 /* Models */,
				92E7D6B41393EFDC0072C412 /* Views */,
				92E7D6B31393EFC60072C412 /* Controllers */,
				921DB1CB1796E80500ADDB2D /* Preferences */,
				921DB1CA1796E7F400ADDB2D /* Mixers */,
				92E7D6751393ECD10072C412 /* Interface */,
				9264FE681393EC9F00935FAC /* Supporting Files */,
				92E7D6771393ECDA0072C412 /* Resources */,
			);
			name = Hues;
			path = source;
			sourceTree = "<group>";
		};
		9264FE681393EC9F00935FAC /* Supporting Files */ = {
			isa = PBXGroup;
			children = (
				9264FE6E1393EC9F00935FAC /* main.m */,
				9264FE6D1393EC9F00935FAC /* Hues-Prefix.pch */,
				9264FE691393EC9F00935FAC /* Hues-Info.plist */,
				9264FE6A1393EC9F00935FAC /* InfoPlist.strings */,
				928626A81640262200DA16BE /* Hues.entitlements */,
				92E7D6951393ED1B0072C412 /* CHANGELOG.md */,
			);
			name = "Supporting Files";
			sourceTree = "<group>";
		};
		928626AA1640281000DA16BE /* Application */ = {
			isa = PBXGroup;
			children = (
				92AAF5B41642FEBE00DC09E8 /* HuesApplication.h */,
				92AAF5B51642FEBE00DC09E8 /* HuesApplication.m */,
				92E7D6781393ED080072C412 /* HuesAppDelegate.h */,
				92E7D6791393ED080072C412 /* HuesAppDelegate.m */,
			);
			name = Application;
			sourceTree = "<group>";
		};
		92E7D6751393ECD10072C412 /* Interface */ = {
			isa = PBXGroup;
			children = (
				92E7D6A81393EDFA0072C412 /* MainMenu.xib */,
				92E7D69C1393ED830072C412 /* HuesPreferencesController.xib */,
				92FBF1121666BFBB00BDC670 /* HuesWindowController.xib */,
				92A6694317A032AC00F037DC /* HuesPalettesController.xib */,
				921A8E7D167FE757002FCC42 /* HuesRGBViewController.xib */,
				921A8E83167FE8E2002FCC42 /* HuesHSBViewController.xib */,
				921DB1C71796E7C200ADDB2D /* HuesHSLMixerController.xib */,
				923098B91680058700F98571 /* HuesColorWheelViewController.xib */,
				92F13DD2178F4D9400E699E4 /* HuesColorFormattingPreferencesController.xib */,
				9218A5711796305800AEF7DE /* HuesGeneralPreferencesController.xib */,
			);
			name = Interface;
			sourceTree = "<group>";
		};
		92E7D6771393ECDA0072C412 /* Resources */ = {
			isa = PBXGroup;
			children = (
				9228C51416F16A7500C57A48 /* magnifier.png */,
				9228C51516F16A7500C57A48 /* magnifier@2x.png */,
				9228C51616F16A7500C57A48 /* slider-knob.png */,
				9228C51716F16A7500C57A48 /* slider-knob@2x.png */,
				9202B089147448C5001201EA /* hues_menubar_highlight.png */,
				9202B08A147448C5001201EA /* hues_menubar_normal.png */,
				92E7D6991393ED2E0072C412 /* hues_app_icon.icns */,
				92C11461179E2D1A0092E3CB /* scope-bar-button-fill.png */,
				92C11462179E2D1A0092E3CB /* scope-bar-button-fill@2x.png */,
				92C11463179E2D1A0092E3CB /* scope-bar-button-left.png */,
				92C11464179E2D1A0092E3CB /* scope-bar-button-left@2x.png */,
				92C11465179E2D1A0092E3CB /* scope-bar-button-right.png */,
				92C11466179E2D1A0092E3CB /* scope-bar-button-right@2x.png */,
				92C11452179E28D40092E3CB /* text-field-fill.png */,
				92C11453179E28D40092E3CB /* text-field-fill@2x.png */,
				92C11454179E28D40092E3CB /* text-field-left.png */,
				92C11455179E28D40092E3CB /* text-field-left@2x.png */,
				92C11456179E28D40092E3CB /* text-field-right.png */,
				92C11457179E28D40092E3CB /* text-field-right@2x.png */,
				92314E4F179741D90044158A /* text-field-background.png */,
				92314E50179741D90044158A /* text-field-background@2x.png */,
				92C1144A179E26470092E3CB /* copy-button.png */,
				92C1144B179E26470092E3CB /* copy-button@2x.png */,
				92C1144E179E275D0092E3CB /* copy-button-down.png */,
				92C1144F179E275D0092E3CB /* copy-button-down@2x.png */,
			);
			name = Resources;
			path = ../resources;
			sourceTree = "<group>";
		};
		92E7D6B21393EFB70072C412 /* Categories */ = {
			isa = PBXGroup;
			children = (
				92E7D6881393ED080072C412 /* NSImage+Hues.h */,
				92E7D6891393ED080072C412 /* NSImage+Hues.m */,
				92F13DCD178F1F6100E699E4 /* NSScanner+Hues.h */,
				92F13DCE178F1F6100E699E4 /* NSScanner+Hues.m */,
				9218A57417963FAC00AEF7DE /* NSMutableArray+Move.h */,
				9218A57517963FAC00AEF7DE /* NSMutableArray+Move.m */,
			);
			name = Categories;
			sourceTree = "<group>";
		};
		92E7D6B31393EFC60072C412 /* Controllers */ = {
			isa = PBXGroup;
			children = (
				92FBF1151666C12700BDC670 /* HuesWindowController.h */,
				92FBF1161666C12700BDC670 /* HuesWindowController.m */,
				926ACEEF1790A4DF00C8E1BE /* HuesLoupeController.h */,
				926ACEF01790A4DF00C8E1BE /* HuesLoupeController.m */,
				92A6694117A032AC00F037DC /* HuesPalettesController.h */,
				92A6694217A032AC00F037DC /* HuesPalettesController.m */,
			);
			name = Controllers;
			sourceTree = "<group>";
		};
		92E7D6B41393EFDC0072C412 /* Views */ = {
			isa = PBXGroup;
			children = (
				928626FE164031B600DA16BE /* HuesStatusItemView.h */,
				928626FF164031B600DA16BE /* HuesStatusItemView.m */,
				92FBF1181667049400BDC670 /* HuesWindowContentView.h */,
				92FBF1191667049400BDC670 /* HuesWindowContentView.m */,
				92E7D67A1393ED080072C412 /* HuesColorsView.h */,
				92E7D67B1393ED080072C412 /* HuesColorsView.m */,
				923CA14F1467394E003CC8BB /* HuesLoupeView.h */,
				923CA1501467394E003CC8BB /* HuesLoupeView.m */,
				923CA1511467394E003CC8BB /* HuesLoupeWindow.h */,
				923CA1521467394E003CC8BB /* HuesLoupeWindow.m */,
				921A8E4F167E6276002FCC42 /* HuesScopeBarView.h */,
				921A8E50167E6276002FCC42 /* HuesScopeBarView.m */,
				92C1145E179E2C340092E3CB /* HuesScopeBarButton.h */,
				92C1145F179E2C340092E3CB /* HuesScopeBarButton.m */,
				9286270516405BF000DA16BE /* HuesGradientLine.h */,
				9286270616405BF000DA16BE /* HuesGradientLine.m */,
				9234D51A167BDDB000A33702 /* HuesColorSlider.h */,
				9234D51B167BDDB000A33702 /* HuesColorSlider.m */,
				9234D51E167BDE0E00A33702 /* HuesColorSliderCell.h */,
				9234D51F167BDE0E00A33702 /* HuesColorSliderCell.m */,
				923098B11680012C00F98571 /* HuesHueColorSlider.h */,
				923098B21680012C00F98571 /* HuesHueColorSlider.m */,
				923098B41680016300F98571 /* HuesHueColorSliderCell.h */,
				923098B51680016300F98571 /* HuesHueColorSliderCell.m */,
				923098BC1680064D00F98571 /* HuesColorWheelView.h */,
				923098BD1680064D00F98571 /* HuesColorWheelView.m */,
				923098BF16800EBF00F98571 /* HuesColorWheelHueView.h */,
				923098C016800EBF00F98571 /* HuesColorWheelHueView.m */,
				92314E531797422B0044158A /* HuesTextFieldCell.h */,
				92314E541797422B0044158A /* HuesTextFieldCell.m */,
				92A6698617A0614600F037DC /* HuesPaletteItemCellView.h */,
				92A6698717A0614700F037DC /* HuesPaletteItemCellView.m */,
				92A6698E17A07CC100F037DC /* HuesColorWell.h */,
				92A6698F17A07CC200F037DC /* HuesColorWell.m */,
			);
			name = Views;
			sourceTree = "<group>";
		};
		92E7D6B51393EFEE0072C412 /* Models */ = {
			isa = PBXGroup;
			children = (
				92E7D67C1393ED080072C412 /* HuesDefines.h */,
				92E7D67D1393ED080072C412 /* HuesDefines.m */,
				92E7D67E1393ED080072C412 /* HuesHistoryManager.h */,
				92E7D67F1393ED080072C412 /* HuesHistoryManager.m */,
				92E7D6821393ED080072C412 /* HuesPreferences.h */,
				92E7D6831393ED080072C412 /* HuesPreferences.m */,
				92513EAD1760DFCC00ED644C /* HuesPalette.h */,
				92513EAE1760DFCC00ED644C /* HuesPalette.m */,
				92513EB117612B9F00ED644C /* HuesPaletteItem.h */,
				92513EB217612B9F00ED644C /* HuesPaletteItem.m */,
				92A6698917A063D200F037DC /* HuesPalettesManager.h */,
				92A6698A17A063D200F037DC /* HuesPalettesManager.m */,
				92C1146E17A09C6A0092E3CB /* HuesPaletteExporter.h */,
				92C1146F17A09C6A0092E3CB /* HuesPaletteExporter.m */,
			);
			name = Models;
			sourceTree = "<group>";
		};
/* End PBXGroup section */

/* Begin PBXNativeTarget section */
		921DB1E117971C9E00ADDB2D /* HuesTests */ = {
			isa = PBXNativeTarget;
			buildConfigurationList = 921DB1EF17971C9F00ADDB2D /* Build configuration list for PBXNativeTarget "HuesTests" */;
			buildPhases = (
				9186D3F5C88E4FFDA33F89E3 /* Check Pods Manifest.lock */,
				921DB1DD17971C9E00ADDB2D /* Sources */,
				921DB1DE17971C9E00ADDB2D /* Frameworks */,
				921DB1DF17971C9E00ADDB2D /* Resources */,
				921DB1E017971C9E00ADDB2D /* ShellScript */,
				6A923DADB5B04D7887D1E388 /* Copy Pods Resources */,
			);
			buildRules = (
			);
			dependencies = (
				921DB1F317971CF100ADDB2D /* PBXTargetDependency */,
			);
			name = HuesTests;
			productName = HuesTests;
			productReference = 921DB1E217971C9E00ADDB2D /* HuesTests.octest */;
			productType = "com.apple.product-type.bundle";
		};
		9264FE5C1393EC9F00935FAC /* Hues */ = {
			isa = PBXNativeTarget;
			buildConfigurationList = 9264FE8F1393ECA000935FAC /* Build configuration list for PBXNativeTarget "Hues" */;
			buildPhases = (
				9264FE591393EC9F00935FAC /* Sources */,
				9264FE5A1393EC9F00935FAC /* Frameworks */,
				9264FE5B1393EC9F00935FAC /* Resources */,
				E14492E26FB340F089DF6E69 /* Copy Pods Resources */,
			);
			buildRules = (
			);
			dependencies = (
			);
			name = Hues;
			productName = Hues;
			productReference = 9264FE5D1393EC9F00935FAC /* Hues.app */;
			productType = "com.apple.product-type.application";
		};
/* End PBXNativeTarget section */

/* Begin PBXProject section */
		9264FE541393EC9F00935FAC /* Project object */ = {
			isa = PBXProject;
			attributes = {
				CLASSPREFIX = Hues;
				LastUpgradeCheck = 0460;
				ORGANIZATIONNAME = "Giant Comet";
			};
			buildConfigurationList = 9264FE571393EC9F00935FAC /* Build configuration list for PBXProject "Hues" */;
			compatibilityVersion = "Xcode 3.2";
			developmentRegion = English;
			hasScannedForEncodings = 0;
			knownRegions = (
				en,
				English,
			);
			mainGroup = 9264FE521393EC9F00935FAC;
			productRefGroup = 9264FE5E1393EC9F00935FAC /* Products */;
			projectDirPath = "";
			projectRoot = "";
			targets = (
				9264FE5C1393EC9F00935FAC /* Hues */,
				921DB1E117971C9E00ADDB2D /* HuesTests */,
			);
		};
/* End PBXProject section */

/* Begin PBXResourcesBuildPhase section */
		921DB1DF17971C9E00ADDB2D /* Resources */ = {
			isa = PBXResourcesBuildPhase;
			buildActionMask = 2147483647;
			files = (
				921DB1EA17971C9F00ADDB2D /* InfoPlist.strings in Resources */,
			);
			runOnlyForDeploymentPostprocessing = 0;
		};
		9264FE5B1393EC9F00935FAC /* Resources */ = {
			isa = PBXResourcesBuildPhase;
			buildActionMask = 2147483647;
			files = (
				9264FE6C1393EC9F00935FAC /* InfoPlist.strings in Resources */,
				92E7D6981393ED1B0072C412 /* CHANGELOG.md in Resources */,
				92E7D69A1393ED2E0072C412 /* hues_app_icon.icns in Resources */,
				92E7D69E1393ED830072C412 /* HuesPreferencesController.xib in Resources */,
				92E7D6A91393EDFA0072C412 /* MainMenu.xib in Resources */,
				9202B08B147448C5001201EA /* hues_menubar_highlight.png in Resources */,
				9202B08C147448C5001201EA /* hues_menubar_normal.png in Resources */,
				92FBF1131666BFBB00BDC670 /* HuesWindowController.xib in Resources */,
				921A8E7F167FE757002FCC42 /* HuesRGBViewController.xib in Resources */,
				921A8E85167FE8E2002FCC42 /* HuesHSBViewController.xib in Resources */,
				923098BB1680058700F98571 /* HuesColorWheelViewController.xib in Resources */,
				9228C51816F16A7500C57A48 /* magnifier.png in Resources */,
				9228C51916F16A7500C57A48 /* magnifier@2x.png in Resources */,
				9228C51A16F16A7500C57A48 /* slider-knob.png in Resources */,
				9228C51B16F16A7500C57A48 /* slider-knob@2x.png in Resources */,
				92F13DD4178F4D9400E699E4 /* HuesColorFormattingPreferencesController.xib in Resources */,
				9218A5731796305800AEF7DE /* HuesGeneralPreferencesController.xib in Resources */,
				921DB1C91796E7C300ADDB2D /* HuesHSLMixerController.xib in Resources */,
				92314E51179741D90044158A /* text-field-background.png in Resources */,
				92314E52179741D90044158A /* text-field-background@2x.png in Resources */,
				92C1144C179E26470092E3CB /* copy-button.png in Resources */,
				92C1144D179E26470092E3CB /* copy-button@2x.png in Resources */,
				92C11450179E275D0092E3CB /* copy-button-down.png in Resources */,
				92C11451179E275D0092E3CB /* copy-button-down@2x.png in Resources */,
				92C11458179E28D40092E3CB /* text-field-fill.png in Resources */,
				92C11459179E28D40092E3CB /* text-field-fill@2x.png in Resources */,
				92C1145A179E28D40092E3CB /* text-field-left.png in Resources */,
				92C1145B179E28D40092E3CB /* text-field-left@2x.png in Resources */,
				92C1145C179E28D40092E3CB /* text-field-right.png in Resources */,
				92C1145D179E28D40092E3CB /* text-field-right@2x.png in Resources */,
				92C11467179E2D1A0092E3CB /* scope-bar-button-fill.png in Resources */,
				92C11468179E2D1A0092E3CB /* scope-bar-button-fill@2x.png in Resources */,
				92C11469179E2D1A0092E3CB /* scope-bar-button-left.png in Resources */,
				92C1146A179E2D1A0092E3CB /* scope-bar-button-left@2x.png in Resources */,
				92C1146B179E2D1A0092E3CB /* scope-bar-button-right.png in Resources */,
				92C1146C179E2D1A0092E3CB /* scope-bar-button-right@2x.png in Resources */,
				92A6694517A032AC00F037DC /* HuesPalettesController.xib in Resources */,
			);
			runOnlyForDeploymentPostprocessing = 0;
		};
/* End PBXResourcesBuildPhase section */

/* Begin PBXShellScriptBuildPhase section */
		6A923DADB5B04D7887D1E388 /* Copy Pods Resources */ = {
			isa = PBXShellScriptBuildPhase;
			buildActionMask = 2147483647;
			files = (
			);
			inputPaths = (
			);
			name = "Copy Pods Resources";
			outputPaths = (
			);
			runOnlyForDeploymentPostprocessing = 0;
			shellPath = /bin/sh;
			shellScript = "\"${SRCROOT}/Pods/Pods-test-resources.sh\"\n";
		};
		9186D3F5C88E4FFDA33F89E3 /* Check Pods Manifest.lock */ = {
			isa = PBXShellScriptBuildPhase;
			buildActionMask = 2147483647;
			files = (
			);
			inputPaths = (
			);
			name = "Check Pods Manifest.lock";
			outputPaths = (
			);
			runOnlyForDeploymentPostprocessing = 0;
			shellPath = /bin/sh;
			shellScript = "diff \"${PODS_ROOT}/../Podfile.lock\" \"${PODS_ROOT}/Manifest.lock\" > /dev/null\nif [[ $? != 0 ]] ; then\n    cat << EOM\nerror: The sandbox is not in sync with the Podfile.lock. Run 'pod install' or update your CocoaPods installation.\nEOM\n    exit 1\nfi\n";
		};
		921DB1E017971C9E00ADDB2D /* ShellScript */ = {
			isa = PBXShellScriptBuildPhase;
			buildActionMask = 2147483647;
			files = (
			);
			inputPaths = (
			);
			outputPaths = (
			);
			runOnlyForDeploymentPostprocessing = 0;
			shellPath = /bin/sh;
			shellScript = "# Run the unit tests in this test bundle.\n\"${SYSTEM_DEVELOPER_DIR}/Tools/RunUnitTests\"\n";
		};
		E14492E26FB340F089DF6E69 /* Copy Pods Resources */ = {
			isa = PBXShellScriptBuildPhase;
			buildActionMask = 2147483647;
			files = (
			);
			inputPaths = (
			);
			name = "Copy Pods Resources";
			outputPaths = (
			);
			runOnlyForDeploymentPostprocessing = 0;
			shellPath = /bin/sh;
			shellScript = "\"${SRCROOT}/Pods/Pods-resources.sh\"\n";
		};
/* End PBXShellScriptBuildPhase section */

/* Begin PBXSourcesBuildPhase section */
		921DB1DD17971C9E00ADDB2D /* Sources */ = {
			isa = PBXSourcesBuildPhase;
			buildActionMask = 2147483647;
			files = (
				921DB1F417971E1900ADDB2D /* HuesColorTest.m in Sources */,
				921DB1F617971E1900ADDB2D /* HuesColorParserTest.m in Sources */,
				921DB1F817971E1900ADDB2D /* HuesColorFormatterTest.m in Sources */,
				921DB1FA17971E1900ADDB2D /* HuesNSMutableArray+MoveTest.m in Sources */,
				9218A5C0179B281100AEF7DE /* HuesColorConversionTest.m in Sources */,
				9218A5C6179B596900AEF7DE /* HuesColor+FormattingTest.m in Sources */,
				92A6694017A02C3900F037DC /* HuesPaletteTest.m in Sources */,
			);
			runOnlyForDeploymentPostprocessing = 0;
		};
		9264FE591393EC9F00935FAC /* Sources */ = {
			isa = PBXSourcesBuildPhase;
			buildActionMask = 2147483647;
			files = (
				9264FE6F1393EC9F00935FAC /* main.m in Sources */,
				92E7D68A1393ED080072C412 /* HuesAppDelegate.m in Sources */,
				92E7D68B1393ED080072C412 /* HuesColorsView.m in Sources */,
				92E7D68C1393ED080072C412 /* HuesDefines.m in Sources */,
				92E7D68D1393ED080072C412 /* HuesHistoryManager.m in Sources */,
				92E7D68F1393ED080072C412 /* HuesPreferences.m in Sources */,
				92E7D6901393ED080072C412 /* HuesPreferencesController.m in Sources */,
				92E7D6911393ED080072C412 /* NSColor+Hues.m in Sources */,
				92E7D6921393ED080072C412 /* NSImage+Hues.m in Sources */,
				923CA1531467394E003CC8BB /* HuesLoupeView.m in Sources */,
				923CA1541467394E003CC8BB /* HuesLoupeWindow.m in Sources */,
				92862700164031B600DA16BE /* HuesStatusItemView.m in Sources */,
				9286270716405BF100DA16BE /* HuesGradientLine.m in Sources */,
				92AAF5B61642FEBF00DC09E8 /* HuesApplication.m in Sources */,
				92FBF1171666C12700BDC670 /* HuesWindowController.m in Sources */,
				92FBF11A1667049400BDC670 /* HuesWindowContentView.m in Sources */,
				9234D51C167BDDB000A33702 /* HuesColorSlider.m in Sources */,
				9234D520167BDE0E00A33702 /* HuesColorSliderCell.m in Sources */,
				921A8E51167E6276002FCC42 /* HuesScopeBarView.m in Sources */,
				921A8E7E167FE757002FCC42 /* HuesRGBViewController.m in Sources */,
				921A8E84167FE8E2002FCC42 /* HuesHSBViewController.m in Sources */,
				923098AF167FF2E700F98571 /* HuesMixerViewController.m in Sources */,
				923098B31680012C00F98571 /* HuesHueColorSlider.m in Sources */,
				923098B61680016300F98571 /* HuesHueColorSliderCell.m in Sources */,
				923098BA1680058700F98571 /* HuesColorWheelViewController.m in Sources */,
				923098BE1680064D00F98571 /* HuesColorWheelView.m in Sources */,
				923098C116800EBF00F98571 /* HuesColorWheelHueView.m in Sources */,
				92513EAF1760DFCD00ED644C /* HuesPalette.m in Sources */,
				92513EB317612BA000ED644C /* HuesPaletteItem.m in Sources */,
				92F13DC5178EFD0700E699E4 /* HuesColorParser.m in Sources */,
				92F13DCF178F1F6100E699E4 /* NSScanner+Hues.m in Sources */,
				92F13DD3178F4D9400E699E4 /* HuesColorFormattingPreferencesController.m in Sources */,
				926ACEEE1790526100C8E1BE /* HuesColorFormatter.m in Sources */,
				926ACEF11790A4DF00C8E1BE /* HuesLoupeController.m in Sources */,
				9218A5721796305800AEF7DE /* HuesGeneralPreferencesController.m in Sources */,
				9218A57617963FAC00AEF7DE /* NSMutableArray+Move.m in Sources */,
				921DB1C81796E7C300ADDB2D /* HuesHSLMixerController.m in Sources */,
				92314E551797422B0044158A /* HuesTextFieldCell.m in Sources */,
				9218A5B9179AE31800AEF7DE /* HuesColor.m in Sources */,
				9218A5BD179B27B300AEF7DE /* HuesColorConversion.m in Sources */,
				9218A5C3179B561D00AEF7DE /* HuesColor+Formatting.m in Sources */,
				92C11460179E2C340092E3CB /* HuesScopeBarButton.m in Sources */,
				92A6694417A032AC00F037DC /* HuesPalettesController.m in Sources */,
				92A6698817A0614700F037DC /* HuesPaletteItemCellView.m in Sources */,
				92A6698B17A063D200F037DC /* HuesPalettesManager.m in Sources */,
				92A6699017A07CC200F037DC /* HuesColorWell.m in Sources */,
				92C1147017A09C6A0092E3CB /* HuesPaletteExporter.m in Sources */,
			);
			runOnlyForDeploymentPostprocessing = 0;
		};
/* End PBXSourcesBuildPhase section */

/* Begin PBXTargetDependency section */
		921DB1F317971CF100ADDB2D /* PBXTargetDependency */ = {
			isa = PBXTargetDependency;
			target = 9264FE5C1393EC9F00935FAC /* Hues */;
			targetProxy = 921DB1F217971CF100ADDB2D /* PBXContainerItemProxy */;
		};
/* End PBXTargetDependency section */

/* Begin PBXVariantGroup section */
		921DB1E817971C9F00ADDB2D /* InfoPlist.strings */ = {
			isa = PBXVariantGroup;
			children = (
				921DB1E917971C9F00ADDB2D /* en */,
			);
			name = InfoPlist.strings;
			sourceTree = "<group>";
		};
		9264FE6A1393EC9F00935FAC /* InfoPlist.strings */ = {
			isa = PBXVariantGroup;
			children = (
				9264FE6B1393EC9F00935FAC /* en */,
			);
			name = InfoPlist.strings;
			sourceTree = "<group>";
		};
/* End PBXVariantGroup section */

/* Begin XCBuildConfiguration section */
		921DB1F017971C9F00ADDB2D /* Debug */ = {
			isa = XCBuildConfiguration;
			baseConfigurationReference = 317FB30131B84CCFA90887F2 /* Pods-test.xcconfig */;
			buildSettings = {
				ALWAYS_SEARCH_USER_PATHS = NO;
				ARCHS = "$(ARCHS_STANDARD_64_BIT)";
				BUNDLE_LOADER = "$(BUILT_PRODUCTS_DIR)/Hues.app/Contents/MacOS/Hues";
				CLANG_CXX_LANGUAGE_STANDARD = "gnu++0x";
				CLANG_CXX_LIBRARY = "libc++";
				CLANG_ENABLE_OBJC_ARC = YES;
				CLANG_WARN_EMPTY_BODY = YES;
				COMBINE_HIDPI_IMAGES = YES;
				COPY_PHASE_STRIP = NO;
				FRAMEWORK_SEARCH_PATHS = "\"$(DEVELOPER_LIBRARY_DIR)/Frameworks\"";
				GCC_DYNAMIC_NO_PIC = NO;
				GCC_ENABLE_OBJC_EXCEPTIONS = YES;
				GCC_PRECOMPILE_PREFIX_HEADER = YES;
				GCC_PREFIX_HEADER = "HuesTests/HuesTests-Prefix.pch";
				GCC_PREPROCESSOR_DEFINITIONS = (
					"DEBUG=1",
					"$(inherited)",
				);
				INFOPLIST_FILE = "HuesTests/HuesTests-Info.plist";
				MACOSX_DEPLOYMENT_TARGET = 10.8;
				PRODUCT_NAME = "$(TARGET_NAME)";
				TEST_HOST = "$(BUNDLE_LOADER)";
				WRAPPER_EXTENSION = octest;
			};
			name = Debug;
		};
		921DB1F117971C9F00ADDB2D /* Release */ = {
			isa = XCBuildConfiguration;
			baseConfigurationReference = 317FB30131B84CCFA90887F2 /* Pods-test.xcconfig */;
			buildSettings = {
				ALWAYS_SEARCH_USER_PATHS = NO;
				ARCHS = "$(ARCHS_STANDARD_64_BIT)";
				BUNDLE_LOADER = "$(BUILT_PRODUCTS_DIR)/Hues.app/Contents/MacOS/Hues";
				CLANG_CXX_LANGUAGE_STANDARD = "gnu++0x";
				CLANG_CXX_LIBRARY = "libc++";
				CLANG_ENABLE_OBJC_ARC = YES;
				CLANG_WARN_EMPTY_BODY = YES;
				COMBINE_HIDPI_IMAGES = YES;
				COPY_PHASE_STRIP = YES;
				DEBUG_INFORMATION_FORMAT = "dwarf-with-dsym";
				FRAMEWORK_SEARCH_PATHS = "\"$(DEVELOPER_LIBRARY_DIR)/Frameworks\"";
				GCC_ENABLE_OBJC_EXCEPTIONS = YES;
				GCC_PRECOMPILE_PREFIX_HEADER = YES;
				GCC_PREFIX_HEADER = "HuesTests/HuesTests-Prefix.pch";
				INFOPLIST_FILE = "HuesTests/HuesTests-Info.plist";
				MACOSX_DEPLOYMENT_TARGET = 10.8;
				PRODUCT_NAME = "$(TARGET_NAME)";
				TEST_HOST = "$(BUNDLE_LOADER)";
				WRAPPER_EXTENSION = octest;
			};
			name = Release;
		};
		92314E471797209B0044158A /* Test */ = {
			isa = XCBuildConfiguration;
			buildSettings = {
				ARCHS = "$(ARCHS_STANDARD_32_64_BIT)";
				CLANG_WARN_CONSTANT_CONVERSION = YES;
				CLANG_WARN_ENUM_CONVERSION = YES;
				CLANG_WARN_INT_CONVERSION = YES;
				CLANG_WARN__DUPLICATE_METHOD_MATCH = YES;
				GCC_C_LANGUAGE_STANDARD = gnu99;
				GCC_OPTIMIZATION_LEVEL = 0;
				GCC_PREPROCESSOR_DEFINITIONS = DEBUG;
				GCC_SYMBOLS_PRIVATE_EXTERN = NO;
				GCC_VERSION = com.apple.compilers.llvm.clang.1_0;
				GCC_WARN_64_TO_32_BIT_CONVERSION = YES;
				GCC_WARN_ABOUT_RETURN_TYPE = YES;
				GCC_WARN_UNINITIALIZED_AUTOS = YES;
				GCC_WARN_UNUSED_VARIABLE = YES;
				MACOSX_DEPLOYMENT_TARGET = 10.7;
				ONLY_ACTIVE_ARCH = YES;
				SDKROOT = macosx;
			};
			name = Test;
		};
		92314E481797209B0044158A /* Test */ = {
			isa = XCBuildConfiguration;
			baseConfigurationReference = F8F6F48A4C034FEC92A3C4C7 /* Pods.xcconfig */;
			buildSettings = {
				ARCHS = "$(ARCHS_STANDARD_64_BIT)";
				CLANG_ENABLE_OBJC_ARC = YES;
				CODE_SIGN_IDENTITY = "";
				COMBINE_HIDPI_IMAGES = YES;
				COPY_PHASE_STRIP = NO;
				GCC_DYNAMIC_NO_PIC = NO;
				GCC_ENABLE_OBJC_EXCEPTIONS = YES;
				GCC_PRECOMPILE_PREFIX_HEADER = YES;
				GCC_PREFIX_HEADER = "source/Hues-Prefix.pch";
				GCC_VERSION = com.apple.compilers.llvm.clang.1_0;
				INFOPLIST_FILE = "source/Hues-Info.plist";
				MACOSX_DEPLOYMENT_TARGET = 10.7;
				PRODUCT_NAME = "$(TARGET_NAME)";
				WRAPPER_EXTENSION = app;
			};
			name = Test;
		};
		92314E491797209B0044158A /* Test */ = {
			isa = XCBuildConfiguration;
			baseConfigurationReference = 317FB30131B84CCFA90887F2 /* Pods-test.xcconfig */;
			buildSettings = {
				ALWAYS_SEARCH_USER_PATHS = NO;
				ARCHS = "$(ARCHS_STANDARD_64_BIT)";
				BUNDLE_LOADER = "$(BUILT_PRODUCTS_DIR)/Hues.app/Contents/MacOS/Hues";
				CLANG_CXX_LANGUAGE_STANDARD = "gnu++0x";
				CLANG_CXX_LIBRARY = "libc++";
				CLANG_ENABLE_OBJC_ARC = YES;
				CLANG_WARN_EMPTY_BODY = YES;
				COMBINE_HIDPI_IMAGES = YES;
				COPY_PHASE_STRIP = NO;
				FRAMEWORK_SEARCH_PATHS = "\"$(DEVELOPER_LIBRARY_DIR)/Frameworks\"";
				GCC_DYNAMIC_NO_PIC = NO;
				GCC_ENABLE_OBJC_EXCEPTIONS = YES;
				GCC_PRECOMPILE_PREFIX_HEADER = YES;
				GCC_PREFIX_HEADER = "HuesTests/HuesTests-Prefix.pch";
				GCC_PREPROCESSOR_DEFINITIONS = (
					"DEBUG=1",
					"$(inherited)",
				);
				INFOPLIST_FILE = "HuesTests/HuesTests-Info.plist";
				MACOSX_DEPLOYMENT_TARGET = 10.8;
				PRODUCT_NAME = "$(TARGET_NAME)";
				TEST_HOST = "$(BUNDLE_LOADER)";
				WRAPPER_EXTENSION = octest;
			};
			name = Test;
		};
		9264FE8D1393ECA000935FAC /* Debug */ = {
			isa = XCBuildConfiguration;
			buildSettings = {
				ARCHS = "$(ARCHS_STANDARD_32_64_BIT)";
				CLANG_WARN_CONSTANT_CONVERSION = YES;
				CLANG_WARN_ENUM_CONVERSION = YES;
				CLANG_WARN_INT_CONVERSION = YES;
				CLANG_WARN__DUPLICATE_METHOD_MATCH = YES;
				GCC_C_LANGUAGE_STANDARD = gnu99;
				GCC_OPTIMIZATION_LEVEL = 0;
				GCC_PREPROCESSOR_DEFINITIONS = DEBUG;
				GCC_SYMBOLS_PRIVATE_EXTERN = NO;
				GCC_VERSION = com.apple.compilers.llvm.clang.1_0;
				GCC_WARN_64_TO_32_BIT_CONVERSION = YES;
				GCC_WARN_ABOUT_RETURN_TYPE = YES;
				GCC_WARN_UNINITIALIZED_AUTOS = YES;
				GCC_WARN_UNUSED_VARIABLE = YES;
				MACOSX_DEPLOYMENT_TARGET = 10.7;
				ONLY_ACTIVE_ARCH = YES;
				SDKROOT = macosx;
			};
			name = Debug;
		};
		9264FE8E1393ECA000935FAC /* Release */ = {
			isa = XCBuildConfiguration;
			buildSettings = {
				ARCHS = "$(ARCHS_STANDARD_32_64_BIT)";
				CLANG_WARN_CONSTANT_CONVERSION = YES;
				CLANG_WARN_ENUM_CONVERSION = YES;
				CLANG_WARN_INT_CONVERSION = YES;
				CLANG_WARN__DUPLICATE_METHOD_MATCH = YES;
				GCC_C_LANGUAGE_STANDARD = gnu99;
				GCC_VERSION = com.apple.compilers.llvm.clang.1_0;
				GCC_WARN_64_TO_32_BIT_CONVERSION = YES;
				GCC_WARN_ABOUT_RETURN_TYPE = YES;
				GCC_WARN_UNINITIALIZED_AUTOS = YES;
				GCC_WARN_UNUSED_VARIABLE = YES;
				MACOSX_DEPLOYMENT_TARGET = 10.7;
				SDKROOT = macosx;
			};
			name = Release;
		};
		9264FE901393ECA000935FAC /* Debug */ = {
			isa = XCBuildConfiguration;
			baseConfigurationReference = F8F6F48A4C034FEC92A3C4C7 /* Pods.xcconfig */;
			buildSettings = {
				ARCHS = "$(ARCHS_STANDARD_64_BIT)";
				CLANG_ENABLE_OBJC_ARC = YES;
				CODE_SIGN_ENTITLEMENTS = Hues.entitlements;
				CODE_SIGN_IDENTITY = "Mac Developer";
				COMBINE_HIDPI_IMAGES = YES;
				COPY_PHASE_STRIP = NO;
				GCC_DYNAMIC_NO_PIC = NO;
				GCC_ENABLE_OBJC_EXCEPTIONS = YES;
				GCC_PRECOMPILE_PREFIX_HEADER = YES;
				GCC_PREFIX_HEADER = "source/Hues-Prefix.pch";
				GCC_VERSION = com.apple.compilers.llvm.clang.1_0;
				INFOPLIST_FILE = "source/Hues-Info.plist";
				MACOSX_DEPLOYMENT_TARGET = 10.7;
				PRODUCT_NAME = "$(TARGET_NAME)";
				PROVISIONING_PROFILE = "";
				WRAPPER_EXTENSION = app;
			};
			name = Debug;
		};
		9264FE911393ECA000935FAC /* Release */ = {
			isa = XCBuildConfiguration;
			baseConfigurationReference = F8F6F48A4C034FEC92A3C4C7 /* Pods.xcconfig */;
			buildSettings = {
				ARCHS = "$(ARCHS_STANDARD_64_BIT)";
				CLANG_ENABLE_OBJC_ARC = YES;
				CODE_SIGN_ENTITLEMENTS = Hues.entitlements;
				CODE_SIGN_IDENTITY = "Mac Developer";
				COMBINE_HIDPI_IMAGES = YES;
				COPY_PHASE_STRIP = YES;
				DEBUG_INFORMATION_FORMAT = "dwarf-with-dsym";
				GCC_ENABLE_OBJC_EXCEPTIONS = YES;
				GCC_PRECOMPILE_PREFIX_HEADER = YES;
				GCC_PREFIX_HEADER = "source/Hues-Prefix.pch";
				GCC_VERSION = com.apple.compilers.llvm.clang.1_0;
				INFOPLIST_FILE = "source/Hues-Info.plist";
				MACOSX_DEPLOYMENT_TARGET = 10.7;
				PRODUCT_NAME = "$(TARGET_NAME)";
				PROVISIONING_PROFILE = "";
				WRAPPER_EXTENSION = app;
			};
			name = Release;
		};
/* End XCBuildConfiguration section */

/* Begin XCConfigurationList section */
		921DB1EF17971C9F00ADDB2D /* Build configuration list for PBXNativeTarget "HuesTests" */ = {
			isa = XCConfigurationList;
			buildConfigurations = (
				921DB1F017971C9F00ADDB2D /* Debug */,
				92314E491797209B0044158A /* Test */,
				921DB1F117971C9F00ADDB2D /* Release */,
			);
			defaultConfigurationIsVisible = 0;
			defaultConfigurationName = Release;
		};
		9264FE571393EC9F00935FAC /* Build configuration list for PBXProject "Hues" */ = {
			isa = XCConfigurationList;
			buildConfigurations = (
				9264FE8D1393ECA000935FAC /* Debug */,
				92314E471797209B0044158A /* Test */,
				9264FE8E1393ECA000935FAC /* Release */,
			);
			defaultConfigurationIsVisible = 0;
			defaultConfigurationName = Release;
		};
		9264FE8F1393ECA000935FAC /* Build configuration list for PBXNativeTarget "Hues" */ = {
			isa = XCConfigurationList;
			buildConfigurations = (
				9264FE901393ECA000935FAC /* Debug */,
				92314E481797209B0044158A /* Test */,
				9264FE911393ECA000935FAC /* Release */,
			);
			defaultConfigurationIsVisible = 0;
			defaultConfigurationName = Release;
		};
/* End XCConfigurationList section */
	};
	rootObject = 9264FE541393EC9F00935FAC /* Project object */;
}
