// !$*UTF8*$!
{
	archiveVersion = 1;
	classes = {
	};
	objectVersion = 46;
	objects = {

/* Begin PBXBuildFile section */
		06B501FD72554FC6A5C25015 /* libPods-test.a in Frameworks */ = {isa = PBXBuildFile; fileRef = F008C1E6DBF74626A537436C /* libPods-test.a */; };
		19C657B3150F44E685004A9E /* libPods.a in Frameworks */ = {isa = PBXBuildFile; fileRef = A84020242F57497396E19593 /* libPods.a */; };
		9202B08B147448C5001201EA /* hues_menubar_highlight.png in Resources */ = {isa = PBXBuildFile; fileRef = 9202B089147448C5001201EA /* hues_menubar_highlight.png */; };
		9202B08C147448C5001201EA /* hues_menubar_normal.png in Resources */ = {isa = PBXBuildFile; fileRef = 9202B08A147448C5001201EA /* hues_menubar_normal.png */; };
		921A8E51167E6276002FCC42 /* HuesScopeBarView.m in Sources */ = {isa = PBXBuildFile; fileRef = 921A8E50167E6276002FCC42 /* HuesScopeBarView.m */; };
		921A8E7E167FE757002FCC42 /* HuesRGBViewController.m in Sources */ = {isa = PBXBuildFile; fileRef = 921A8E7C167FE757002FCC42 /* HuesRGBViewController.m */; };
		921A8E7F167FE757002FCC42 /* HuesRGBViewController.xib in Resources */ = {isa = PBXBuildFile; fileRef = 921A8E7D167FE757002FCC42 /* HuesRGBViewController.xib */; };
		921A8E84167FE8E2002FCC42 /* HuesHSBViewController.m in Sources */ = {isa = PBXBuildFile; fileRef = 921A8E82167FE8E2002FCC42 /* HuesHSBViewController.m */; };
		921A8E85167FE8E2002FCC42 /* HuesHSBViewController.xib in Resources */ = {isa = PBXBuildFile; fileRef = 921A8E83167FE8E2002FCC42 /* HuesHSBViewController.xib */; };
		9228C51816F16A7500C57A48 /* magnifier.png in Resources */ = {isa = PBXBuildFile; fileRef = 9228C51416F16A7500C57A48 /* magnifier.png */; };
		9228C51916F16A7500C57A48 /* magnifier@2x.png in Resources */ = {isa = PBXBuildFile; fileRef = 9228C51516F16A7500C57A48 /* magnifier@2x.png */; };
		9228C51A16F16A7500C57A48 /* slider-knob.png in Resources */ = {isa = PBXBuildFile; fileRef = 9228C51616F16A7500C57A48 /* slider-knob.png */; };
		9228C51B16F16A7500C57A48 /* slider-knob@2x.png in Resources */ = {isa = PBXBuildFile; fileRef = 9228C51716F16A7500C57A48 /* slider-knob@2x.png */; };
		9228C51D16F2B0D800C57A48 /* SenTestingKit.framework in Frameworks */ = {isa = PBXBuildFile; fileRef = 9228C51C16F2B0D800C57A48 /* SenTestingKit.framework */; };
		923098AF167FF2E700F98571 /* HuesMixerViewController.m in Sources */ = {isa = PBXBuildFile; fileRef = 923098AE167FF2E700F98571 /* HuesMixerViewController.m */; };
		923098B31680012C00F98571 /* HuesHueColorSlider.m in Sources */ = {isa = PBXBuildFile; fileRef = 923098B21680012C00F98571 /* HuesHueColorSlider.m */; };
		923098B61680016300F98571 /* HuesHueColorSliderCell.m in Sources */ = {isa = PBXBuildFile; fileRef = 923098B51680016300F98571 /* HuesHueColorSliderCell.m */; };
		923098BA1680058700F98571 /* HuesColorWheelViewController.m in Sources */ = {isa = PBXBuildFile; fileRef = 923098B81680058700F98571 /* HuesColorWheelViewController.m */; };
		923098BB1680058700F98571 /* HuesColorWheelViewController.xib in Resources */ = {isa = PBXBuildFile; fileRef = 923098B91680058700F98571 /* HuesColorWheelViewController.xib */; };
		923098BE1680064D00F98571 /* HuesColorWheelView.m in Sources */ = {isa = PBXBuildFile; fileRef = 923098BD1680064D00F98571 /* HuesColorWheelView.m */; };
		923098C116800EBF00F98571 /* HuesColorWheelHueView.m in Sources */ = {isa = PBXBuildFile; fileRef = 923098C016800EBF00F98571 /* HuesColorWheelHueView.m */; };
		9234D51C167BDDB000A33702 /* HuesColorSlider.m in Sources */ = {isa = PBXBuildFile; fileRef = 9234D51B167BDDB000A33702 /* HuesColorSlider.m */; };
		9234D520167BDE0E00A33702 /* HuesColorSliderCell.m in Sources */ = {isa = PBXBuildFile; fileRef = 9234D51F167BDE0E00A33702 /* HuesColorSliderCell.m */; };
		923CA1531467394E003CC8BB /* HuesLoupeView.m in Sources */ = {isa = PBXBuildFile; fileRef = 923CA1501467394E003CC8BB /* HuesLoupeView.m */; };
		923CA1541467394E003CC8BB /* HuesLoupeWindow.m in Sources */ = {isa = PBXBuildFile; fileRef = 923CA1521467394E003CC8BB /* HuesLoupeWindow.m */; };
		92513EAF1760DFCD00ED644C /* HuesPalette.m in Sources */ = {isa = PBXBuildFile; fileRef = 92513EAE1760DFCC00ED644C /* HuesPalette.m */; };
		92513EB317612BA000ED644C /* HuesPaletteItem.m in Sources */ = {isa = PBXBuildFile; fileRef = 92513EB217612B9F00ED644C /* HuesPaletteItem.m */; };
		9264FE621393EC9F00935FAC /* Cocoa.framework in Frameworks */ = {isa = PBXBuildFile; fileRef = 9264FE611393EC9F00935FAC /* Cocoa.framework */; };
		9264FE6C1393EC9F00935FAC /* InfoPlist.strings in Resources */ = {isa = PBXBuildFile; fileRef = 9264FE6A1393EC9F00935FAC /* InfoPlist.strings */; };
		9264FE6F1393EC9F00935FAC /* main.m in Sources */ = {isa = PBXBuildFile; fileRef = 9264FE6E1393EC9F00935FAC /* main.m */; };
		9264FE7F1393ECA000935FAC /* Cocoa.framework in Frameworks */ = {isa = PBXBuildFile; fileRef = 9264FE611393EC9F00935FAC /* Cocoa.framework */; };
		9264FE871393ECA000935FAC /* InfoPlist.strings in Resources */ = {isa = PBXBuildFile; fileRef = 9264FE851393ECA000935FAC /* InfoPlist.strings */; };
		92862700164031B600DA16BE /* HuesStatusItemView.m in Sources */ = {isa = PBXBuildFile; fileRef = 928626FF164031B600DA16BE /* HuesStatusItemView.m */; };
		9286270716405BF100DA16BE /* HuesGradientLine.m in Sources */ = {isa = PBXBuildFile; fileRef = 9286270616405BF000DA16BE /* HuesGradientLine.m */; };
		928627081640693E00DA16BE /* NSColor+Hues.m in Sources */ = {isa = PBXBuildFile; fileRef = 92E7D6871393ED080072C412 /* NSColor+Hues.m */; };
		9286270916406B5900DA16BE /* HuesPreferences.m in Sources */ = {isa = PBXBuildFile; fileRef = 92E7D6831393ED080072C412 /* HuesPreferences.m */; };
		92AAF5B61642FEBF00DC09E8 /* HuesApplication.m in Sources */ = {isa = PBXBuildFile; fileRef = 92AAF5B51642FEBE00DC09E8 /* HuesApplication.m */; };
		92E7D68A1393ED080072C412 /* HuesAppDelegate.m in Sources */ = {isa = PBXBuildFile; fileRef = 92E7D6791393ED080072C412 /* HuesAppDelegate.m */; };
		92E7D68B1393ED080072C412 /* HuesColorsView.m in Sources */ = {isa = PBXBuildFile; fileRef = 92E7D67B1393ED080072C412 /* HuesColorsView.m */; };
		92E7D68C1393ED080072C412 /* HuesDefines.m in Sources */ = {isa = PBXBuildFile; fileRef = 92E7D67D1393ED080072C412 /* HuesDefines.m */; };
		92E7D68D1393ED080072C412 /* HuesHistoryManager.m in Sources */ = {isa = PBXBuildFile; fileRef = 92E7D67F1393ED080072C412 /* HuesHistoryManager.m */; };
		92E7D68F1393ED080072C412 /* HuesPreferences.m in Sources */ = {isa = PBXBuildFile; fileRef = 92E7D6831393ED080072C412 /* HuesPreferences.m */; };
		92E7D6901393ED080072C412 /* HuesPreferencesController.m in Sources */ = {isa = PBXBuildFile; fileRef = 92E7D6851393ED080072C412 /* HuesPreferencesController.m */; };
		92E7D6911393ED080072C412 /* NSColor+Hues.m in Sources */ = {isa = PBXBuildFile; fileRef = 92E7D6871393ED080072C412 /* NSColor+Hues.m */; };
		92E7D6921393ED080072C412 /* NSImage+Hues.m in Sources */ = {isa = PBXBuildFile; fileRef = 92E7D6891393ED080072C412 /* NSImage+Hues.m */; };
		92E7D6981393ED1B0072C412 /* CHANGELOG.md in Resources */ = {isa = PBXBuildFile; fileRef = 92E7D6951393ED1B0072C412 /* CHANGELOG.md */; };
		92E7D69A1393ED2E0072C412 /* hues_app_icon.icns in Resources */ = {isa = PBXBuildFile; fileRef = 92E7D6991393ED2E0072C412 /* hues_app_icon.icns */; };
		92E7D69E1393ED830072C412 /* HuesPreferences.xib in Resources */ = {isa = PBXBuildFile; fileRef = 92E7D69C1393ED830072C412 /* HuesPreferences.xib */; };
		92E7D6A91393EDFA0072C412 /* MainMenu.xib in Resources */ = {isa = PBXBuildFile; fileRef = 92E7D6A81393EDFA0072C412 /* MainMenu.xib */; };
		92E7D6B81393F1E70072C412 /* HuesColorTest.m in Sources */ = {isa = PBXBuildFile; fileRef = 92E7D6B71393F1E70072C412 /* HuesColorTest.m */; };
		92F13DC5178EFD0700E699E4 /* HuesColorParser.m in Sources */ = {isa = PBXBuildFile; fileRef = 92F13DC4178EFD0700E699E4 /* HuesColorParser.m */; };
		92F13DC8178EFD3400E699E4 /* HuesColorParserTest.m in Sources */ = {isa = PBXBuildFile; fileRef = 92F13DC7178EFD3400E699E4 /* HuesColorParserTest.m */; };
		92F13DC9178EFE8A00E699E4 /* HuesColorParser.m in Sources */ = {isa = PBXBuildFile; fileRef = 92F13DC4178EFD0700E699E4 /* HuesColorParser.m */; };
		92F13DCC178F00ED00E699E4 /* HuesColorFormatter.m in Sources */ = {isa = PBXBuildFile; fileRef = 92F13DCB178F00ED00E699E4 /* HuesColorFormatter.m */; };
		92F13DCF178F1F6100E699E4 /* NSScanner+Hues.m in Sources */ = {isa = PBXBuildFile; fileRef = 92F13DCE178F1F6100E699E4 /* NSScanner+Hues.m */; };
		92FBF1131666BFBB00BDC670 /* HuesWindowController.xib in Resources */ = {isa = PBXBuildFile; fileRef = 92FBF1121666BFBB00BDC670 /* HuesWindowController.xib */; };
		92FBF1171666C12700BDC670 /* HuesWindowController.m in Sources */ = {isa = PBXBuildFile; fileRef = 92FBF1161666C12700BDC670 /* HuesWindowController.m */; };
		92FBF11A1667049400BDC670 /* HuesWindowContentView.m in Sources */ = {isa = PBXBuildFile; fileRef = 92FBF1191667049400BDC670 /* HuesWindowContentView.m */; };
/* End PBXBuildFile section */

/* Begin PBXFileReference section */
		4D389B701E4D4819BA28ED8D /* Pods-test.xcconfig */ = {isa = PBXFileReference; includeInIndex = 1; lastKnownFileType = text.xcconfig; name = "Pods-test.xcconfig"; path = "Pods/Pods-test.xcconfig"; sourceTree = SOURCE_ROOT; };
		9202B089147448C5001201EA /* hues_menubar_highlight.png */ = {isa = PBXFileReference; lastKnownFileType = image.png; path = hues_menubar_highlight.png; sourceTree = "<group>"; };
		9202B08A147448C5001201EA /* hues_menubar_normal.png */ = {isa = PBXFileReference; lastKnownFileType = image.png; path = hues_menubar_normal.png; sourceTree = "<group>"; };
		921A8E4F167E6276002FCC42 /* HuesScopeBarView.h */ = {isa = PBXFileReference; fileEncoding = 4; lastKnownFileType = sourcecode.c.h; path = HuesScopeBarView.h; sourceTree = "<group>"; };
		921A8E50167E6276002FCC42 /* HuesScopeBarView.m */ = {isa = PBXFileReference; fileEncoding = 4; lastKnownFileType = sourcecode.c.objc; path = HuesScopeBarView.m; sourceTree = "<group>"; };
		921A8E7B167FE757002FCC42 /* HuesRGBViewController.h */ = {isa = PBXFileReference; fileEncoding = 4; lastKnownFileType = sourcecode.c.h; path = HuesRGBViewController.h; sourceTree = "<group>"; };
		921A8E7C167FE757002FCC42 /* HuesRGBViewController.m */ = {isa = PBXFileReference; fileEncoding = 4; lastKnownFileType = sourcecode.c.objc; path = HuesRGBViewController.m; sourceTree = "<group>"; };
		921A8E7D167FE757002FCC42 /* HuesRGBViewController.xib */ = {isa = PBXFileReference; fileEncoding = 4; lastKnownFileType = file.xib; path = HuesRGBViewController.xib; sourceTree = "<group>"; };
		921A8E81167FE8E2002FCC42 /* HuesHSBViewController.h */ = {isa = PBXFileReference; fileEncoding = 4; lastKnownFileType = sourcecode.c.h; path = HuesHSBViewController.h; sourceTree = "<group>"; };
		921A8E82167FE8E2002FCC42 /* HuesHSBViewController.m */ = {isa = PBXFileReference; fileEncoding = 4; lastKnownFileType = sourcecode.c.objc; path = HuesHSBViewController.m; sourceTree = "<group>"; };
		921A8E83167FE8E2002FCC42 /* HuesHSBViewController.xib */ = {isa = PBXFileReference; fileEncoding = 4; lastKnownFileType = file.xib; path = HuesHSBViewController.xib; sourceTree = "<group>"; };
		9228C51416F16A7500C57A48 /* magnifier.png */ = {isa = PBXFileReference; lastKnownFileType = image.png; path = magnifier.png; sourceTree = "<group>"; };
		9228C51516F16A7500C57A48 /* magnifier@2x.png */ = {isa = PBXFileReference; lastKnownFileType = image.png; path = "magnifier@2x.png"; sourceTree = "<group>"; };
		9228C51616F16A7500C57A48 /* slider-knob.png */ = {isa = PBXFileReference; lastKnownFileType = image.png; path = "slider-knob.png"; sourceTree = "<group>"; };
		9228C51716F16A7500C57A48 /* slider-knob@2x.png */ = {isa = PBXFileReference; lastKnownFileType = image.png; path = "slider-knob@2x.png"; sourceTree = "<group>"; };
		9228C51C16F2B0D800C57A48 /* SenTestingKit.framework */ = {isa = PBXFileReference; lastKnownFileType = wrapper.framework; name = SenTestingKit.framework; path = Library/Frameworks/SenTestingKit.framework; sourceTree = DEVELOPER_DIR; };
		923098AD167FF2E700F98571 /* HuesMixerViewController.h */ = {isa = PBXFileReference; fileEncoding = 4; lastKnownFileType = sourcecode.c.h; path = HuesMixerViewController.h; sourceTree = "<group>"; };
		923098AE167FF2E700F98571 /* HuesMixerViewController.m */ = {isa = PBXFileReference; fileEncoding = 4; lastKnownFileType = sourcecode.c.objc; path = HuesMixerViewController.m; sourceTree = "<group>"; };
		923098B11680012C00F98571 /* HuesHueColorSlider.h */ = {isa = PBXFileReference; fileEncoding = 4; lastKnownFileType = sourcecode.c.h; path = HuesHueColorSlider.h; sourceTree = "<group>"; };
		923098B21680012C00F98571 /* HuesHueColorSlider.m */ = {isa = PBXFileReference; fileEncoding = 4; lastKnownFileType = sourcecode.c.objc; path = HuesHueColorSlider.m; sourceTree = "<group>"; };
		923098B41680016300F98571 /* HuesHueColorSliderCell.h */ = {isa = PBXFileReference; fileEncoding = 4; lastKnownFileType = sourcecode.c.h; path = HuesHueColorSliderCell.h; sourceTree = "<group>"; };
		923098B51680016300F98571 /* HuesHueColorSliderCell.m */ = {isa = PBXFileReference; fileEncoding = 4; lastKnownFileType = sourcecode.c.objc; path = HuesHueColorSliderCell.m; sourceTree = "<group>"; };
		923098B71680058700F98571 /* HuesColorWheelViewController.h */ = {isa = PBXFileReference; fileEncoding = 4; lastKnownFileType = sourcecode.c.h; path = HuesColorWheelViewController.h; sourceTree = "<group>"; };
		923098B81680058700F98571 /* HuesColorWheelViewController.m */ = {isa = PBXFileReference; fileEncoding = 4; lastKnownFileType = sourcecode.c.objc; path = HuesColorWheelViewController.m; sourceTree = "<group>"; };
		923098B91680058700F98571 /* HuesColorWheelViewController.xib */ = {isa = PBXFileReference; fileEncoding = 4; lastKnownFileType = file.xib; path = HuesColorWheelViewController.xib; sourceTree = "<group>"; };
		923098BC1680064D00F98571 /* HuesColorWheelView.h */ = {isa = PBXFileReference; fileEncoding = 4; lastKnownFileType = sourcecode.c.h; path = HuesColorWheelView.h; sourceTree = "<group>"; };
		923098BD1680064D00F98571 /* HuesColorWheelView.m */ = {isa = PBXFileReference; fileEncoding = 4; lastKnownFileType = sourcecode.c.objc; path = HuesColorWheelView.m; sourceTree = "<group>"; };
		923098BF16800EBF00F98571 /* HuesColorWheelHueView.h */ = {isa = PBXFileReference; fileEncoding = 4; lastKnownFileType = sourcecode.c.h; path = HuesColorWheelHueView.h; sourceTree = "<group>"; };
		923098C016800EBF00F98571 /* HuesColorWheelHueView.m */ = {isa = PBXFileReference; fileEncoding = 4; lastKnownFileType = sourcecode.c.objc; path = HuesColorWheelHueView.m; sourceTree = "<group>"; };
		9234D51A167BDDB000A33702 /* HuesColorSlider.h */ = {isa = PBXFileReference; fileEncoding = 4; lastKnownFileType = sourcecode.c.h; path = HuesColorSlider.h; sourceTree = "<group>"; };
		9234D51B167BDDB000A33702 /* HuesColorSlider.m */ = {isa = PBXFileReference; fileEncoding = 4; lastKnownFileType = sourcecode.c.objc; path = HuesColorSlider.m; sourceTree = "<group>"; };
		9234D51E167BDE0E00A33702 /* HuesColorSliderCell.h */ = {isa = PBXFileReference; fileEncoding = 4; lastKnownFileType = sourcecode.c.h; path = HuesColorSliderCell.h; sourceTree = "<group>"; };
		9234D51F167BDE0E00A33702 /* HuesColorSliderCell.m */ = {isa = PBXFileReference; fileEncoding = 4; lastKnownFileType = sourcecode.c.objc; path = HuesColorSliderCell.m; sourceTree = "<group>"; };
		923CA14F1467394E003CC8BB /* HuesLoupeView.h */ = {isa = PBXFileReference; fileEncoding = 4; lastKnownFileType = sourcecode.c.h; path = HuesLoupeView.h; sourceTree = "<group>"; };
		923CA1501467394E003CC8BB /* HuesLoupeView.m */ = {isa = PBXFileReference; fileEncoding = 4; lastKnownFileType = sourcecode.c.objc; path = HuesLoupeView.m; sourceTree = "<group>"; };
		923CA1511467394E003CC8BB /* HuesLoupeWindow.h */ = {isa = PBXFileReference; fileEncoding = 4; lastKnownFileType = sourcecode.c.h; path = HuesLoupeWindow.h; sourceTree = "<group>"; };
		923CA1521467394E003CC8BB /* HuesLoupeWindow.m */ = {isa = PBXFileReference; fileEncoding = 4; lastKnownFileType = sourcecode.c.objc; path = HuesLoupeWindow.m; sourceTree = "<group>"; };
		92513EAD1760DFCC00ED644C /* HuesPalette.h */ = {isa = PBXFileReference; fileEncoding = 4; lastKnownFileType = sourcecode.c.h; path = HuesPalette.h; sourceTree = "<group>"; };
		92513EAE1760DFCC00ED644C /* HuesPalette.m */ = {isa = PBXFileReference; fileEncoding = 4; lastKnownFileType = sourcecode.c.objc; path = HuesPalette.m; sourceTree = "<group>"; };
		92513EB117612B9F00ED644C /* HuesPaletteItem.h */ = {isa = PBXFileReference; fileEncoding = 4; lastKnownFileType = sourcecode.c.h; path = HuesPaletteItem.h; sourceTree = "<group>"; };
		92513EB217612B9F00ED644C /* HuesPaletteItem.m */ = {isa = PBXFileReference; fileEncoding = 4; lastKnownFileType = sourcecode.c.objc; path = HuesPaletteItem.m; sourceTree = "<group>"; };
		9264FE5D1393EC9F00935FAC /* Hues.app */ = {isa = PBXFileReference; explicitFileType = wrapper.application; includeInIndex = 0; path = Hues.app; sourceTree = BUILT_PRODUCTS_DIR; };
		9264FE611393EC9F00935FAC /* Cocoa.framework */ = {isa = PBXFileReference; includeInIndex = 1; lastKnownFileType = wrapper.framework; name = Cocoa.framework; path = System/Library/Frameworks/Cocoa.framework; sourceTree = SDKROOT; };
		9264FE641393EC9F00935FAC /* AppKit.framework */ = {isa = PBXFileReference; lastKnownFileType = wrapper.framework; name = AppKit.framework; path = System/Library/Frameworks/AppKit.framework; sourceTree = SDKROOT; };
		9264FE651393EC9F00935FAC /* CoreData.framework */ = {isa = PBXFileReference; lastKnownFileType = wrapper.framework; name = CoreData.framework; path = System/Library/Frameworks/CoreData.framework; sourceTree = SDKROOT; };
		9264FE661393EC9F00935FAC /* Foundation.framework */ = {isa = PBXFileReference; lastKnownFileType = wrapper.framework; name = Foundation.framework; path = System/Library/Frameworks/Foundation.framework; sourceTree = SDKROOT; };
		9264FE691393EC9F00935FAC /* Hues-Info.plist */ = {isa = PBXFileReference; lastKnownFileType = text.plist.xml; path = "Hues-Info.plist"; sourceTree = "<group>"; };
		9264FE6B1393EC9F00935FAC /* en */ = {isa = PBXFileReference; lastKnownFileType = text.plist.strings; name = en; path = en.lproj/InfoPlist.strings; sourceTree = "<group>"; };
		9264FE6D1393EC9F00935FAC /* Hues-Prefix.pch */ = {isa = PBXFileReference; lastKnownFileType = sourcecode.c.h; path = "Hues-Prefix.pch"; sourceTree = "<group>"; };
		9264FE6E1393EC9F00935FAC /* main.m */ = {isa = PBXFileReference; lastKnownFileType = sourcecode.c.objc; path = main.m; sourceTree = "<group>"; };
		9264FE7E1393ECA000935FAC /* HuesTests.octest */ = {isa = PBXFileReference; explicitFileType = wrapper.cfbundle; includeInIndex = 0; path = HuesTests.octest; sourceTree = BUILT_PRODUCTS_DIR; };
		9264FE841393ECA000935FAC /* HuesTests-Info.plist */ = {isa = PBXFileReference; lastKnownFileType = text.plist.xml; path = "HuesTests-Info.plist"; sourceTree = "<group>"; };
		9264FE861393ECA000935FAC /* en */ = {isa = PBXFileReference; lastKnownFileType = text.plist.strings; name = en; path = en.lproj/InfoPlist.strings; sourceTree = "<group>"; };
		9264FE881393ECA000935FAC /* HuesTests-Prefix.pch */ = {isa = PBXFileReference; lastKnownFileType = sourcecode.c.h; path = "HuesTests-Prefix.pch"; sourceTree = "<group>"; };
		928626A81640262200DA16BE /* Hues.entitlements */ = {isa = PBXFileReference; lastKnownFileType = text.xml; path = Hues.entitlements; sourceTree = SOURCE_ROOT; };
		928626FE164031B600DA16BE /* HuesStatusItemView.h */ = {isa = PBXFileReference; fileEncoding = 4; lastKnownFileType = sourcecode.c.h; path = HuesStatusItemView.h; sourceTree = "<group>"; };
		928626FF164031B600DA16BE /* HuesStatusItemView.m */ = {isa = PBXFileReference; fileEncoding = 4; lastKnownFileType = sourcecode.c.objc; path = HuesStatusItemView.m; sourceTree = "<group>"; };
		9286270516405BF000DA16BE /* HuesGradientLine.h */ = {isa = PBXFileReference; fileEncoding = 4; lastKnownFileType = sourcecode.c.h; path = HuesGradientLine.h; sourceTree = "<group>"; };
		9286270616405BF000DA16BE /* HuesGradientLine.m */ = {isa = PBXFileReference; fileEncoding = 4; lastKnownFileType = sourcecode.c.objc; path = HuesGradientLine.m; sourceTree = "<group>"; };
		92AAF5B41642FEBE00DC09E8 /* HuesApplication.h */ = {isa = PBXFileReference; fileEncoding = 4; lastKnownFileType = sourcecode.c.h; path = HuesApplication.h; sourceTree = "<group>"; };
		92AAF5B51642FEBE00DC09E8 /* HuesApplication.m */ = {isa = PBXFileReference; fileEncoding = 4; lastKnownFileType = sourcecode.c.objc; path = HuesApplication.m; sourceTree = "<group>"; };
		92E7D6781393ED080072C412 /* HuesAppDelegate.h */ = {isa = PBXFileReference; fileEncoding = 4; lastKnownFileType = sourcecode.c.h; path = HuesAppDelegate.h; sourceTree = "<group>"; };
		92E7D6791393ED080072C412 /* HuesAppDelegate.m */ = {isa = PBXFileReference; fileEncoding = 4; lastKnownFileType = sourcecode.c.objc; path = HuesAppDelegate.m; sourceTree = "<group>"; };
		92E7D67A1393ED080072C412 /* HuesColorsView.h */ = {isa = PBXFileReference; fileEncoding = 4; lastKnownFileType = sourcecode.c.h; path = HuesColorsView.h; sourceTree = "<group>"; };
		92E7D67B1393ED080072C412 /* HuesColorsView.m */ = {isa = PBXFileReference; fileEncoding = 4; lastKnownFileType = sourcecode.c.objc; path = HuesColorsView.m; sourceTree = "<group>"; };
		92E7D67C1393ED080072C412 /* HuesDefines.h */ = {isa = PBXFileReference; fileEncoding = 4; lastKnownFileType = sourcecode.c.h; path = HuesDefines.h; sourceTree = "<group>"; };
		92E7D67D1393ED080072C412 /* HuesDefines.m */ = {isa = PBXFileReference; fileEncoding = 4; lastKnownFileType = sourcecode.c.objc; path = HuesDefines.m; sourceTree = "<group>"; };
		92E7D67E1393ED080072C412 /* HuesHistoryManager.h */ = {isa = PBXFileReference; fileEncoding = 4; lastKnownFileType = sourcecode.c.h; path = HuesHistoryManager.h; sourceTree = "<group>"; };
		92E7D67F1393ED080072C412 /* HuesHistoryManager.m */ = {isa = PBXFileReference; fileEncoding = 4; lastKnownFileType = sourcecode.c.objc; path = HuesHistoryManager.m; sourceTree = "<group>"; };
		92E7D6821393ED080072C412 /* HuesPreferences.h */ = {isa = PBXFileReference; fileEncoding = 4; lastKnownFileType = sourcecode.c.h; path = HuesPreferences.h; sourceTree = "<group>"; };
		92E7D6831393ED080072C412 /* HuesPreferences.m */ = {isa = PBXFileReference; fileEncoding = 4; lastKnownFileType = sourcecode.c.objc; path = HuesPreferences.m; sourceTree = "<group>"; };
		92E7D6841393ED080072C412 /* HuesPreferencesController.h */ = {isa = PBXFileReference; fileEncoding = 4; lastKnownFileType = sourcecode.c.h; path = HuesPreferencesController.h; sourceTree = "<group>"; };
		92E7D6851393ED080072C412 /* HuesPreferencesController.m */ = {isa = PBXFileReference; fileEncoding = 4; lastKnownFileType = sourcecode.c.objc; path = HuesPreferencesController.m; sourceTree = "<group>"; };
		92E7D6861393ED080072C412 /* NSColor+Hues.h */ = {isa = PBXFileReference; fileEncoding = 4; lastKnownFileType = sourcecode.c.h; path = "NSColor+Hues.h"; sourceTree = "<group>"; };
		92E7D6871393ED080072C412 /* NSColor+Hues.m */ = {isa = PBXFileReference; fileEncoding = 4; lastKnownFileType = sourcecode.c.objc; path = "NSColor+Hues.m"; sourceTree = "<group>"; };
		92E7D6881393ED080072C412 /* NSImage+Hues.h */ = {isa = PBXFileReference; fileEncoding = 4; lastKnownFileType = sourcecode.c.h; path = "NSImage+Hues.h"; sourceTree = "<group>"; };
		92E7D6891393ED080072C412 /* NSImage+Hues.m */ = {isa = PBXFileReference; fileEncoding = 4; lastKnownFileType = sourcecode.c.objc; path = "NSImage+Hues.m"; sourceTree = "<group>"; };
		92E7D6951393ED1B0072C412 /* CHANGELOG.md */ = {isa = PBXFileReference; fileEncoding = 4; lastKnownFileType = text; path = CHANGELOG.md; sourceTree = "<group>"; };
		92E7D6991393ED2E0072C412 /* hues_app_icon.icns */ = {isa = PBXFileReference; lastKnownFileType = image.icns; name = hues_app_icon.icns; path = resources/hues_app_icon.icns; sourceTree = "<group>"; };
		92E7D69C1393ED830072C412 /* HuesPreferences.xib */ = {isa = PBXFileReference; fileEncoding = 4; lastKnownFileType = file.xib; path = HuesPreferences.xib; sourceTree = "<group>"; };
		92E7D6A81393EDFA0072C412 /* MainMenu.xib */ = {isa = PBXFileReference; fileEncoding = 4; lastKnownFileType = file.xib; path = MainMenu.xib; sourceTree = "<group>"; };
		92E7D6B71393F1E70072C412 /* HuesColorTest.m */ = {isa = PBXFileReference; fileEncoding = 4; lastKnownFileType = sourcecode.c.objc; path = HuesColorTest.m; sourceTree = "<group>"; };
		92F13DC3178EFD0700E699E4 /* HuesColorParser.h */ = {isa = PBXFileReference; fileEncoding = 4; lastKnownFileType = sourcecode.c.h; path = HuesColorParser.h; sourceTree = "<group>"; };
		92F13DC4178EFD0700E699E4 /* HuesColorParser.m */ = {isa = PBXFileReference; fileEncoding = 4; lastKnownFileType = sourcecode.c.objc; path = HuesColorParser.m; sourceTree = "<group>"; };
		92F13DC6178EFD3400E699E4 /* HuesColorParserTest.h */ = {isa = PBXFileReference; fileEncoding = 4; lastKnownFileType = sourcecode.c.h; path = HuesColorParserTest.h; sourceTree = "<group>"; };
		92F13DC7178EFD3400E699E4 /* HuesColorParserTest.m */ = {isa = PBXFileReference; fileEncoding = 4; lastKnownFileType = sourcecode.c.objc; path = HuesColorParserTest.m; sourceTree = "<group>"; };
		92F13DCA178F00ED00E699E4 /* HuesColorFormatter.h */ = {isa = PBXFileReference; fileEncoding = 4; lastKnownFileType = sourcecode.c.h; path = HuesColorFormatter.h; sourceTree = "<group>"; };
		92F13DCB178F00ED00E699E4 /* HuesColorFormatter.m */ = {isa = PBXFileReference; fileEncoding = 4; lastKnownFileType = sourcecode.c.objc; path = HuesColorFormatter.m; sourceTree = "<group>"; };
		92F13DCD178F1F6100E699E4 /* NSScanner+Hues.h */ = {isa = PBXFileReference; fileEncoding = 4; lastKnownFileType = sourcecode.c.h; path = "NSScanner+Hues.h"; sourceTree = "<group>"; };
		92F13DCE178F1F6100E699E4 /* NSScanner+Hues.m */ = {isa = PBXFileReference; fileEncoding = 4; lastKnownFileType = sourcecode.c.objc; path = "NSScanner+Hues.m"; sourceTree = "<group>"; };
		92FBF1121666BFBB00BDC670 /* HuesWindowController.xib */ = {isa = PBXFileReference; fileEncoding = 4; lastKnownFileType = file.xib; path = HuesWindowController.xib; sourceTree = "<group>"; };
		92FBF1151666C12700BDC670 /* HuesWindowController.h */ = {isa = PBXFileReference; fileEncoding = 4; lastKnownFileType = sourcecode.c.h; path = HuesWindowController.h; sourceTree = "<group>"; };
		92FBF1161666C12700BDC670 /* HuesWindowController.m */ = {isa = PBXFileReference; fileEncoding = 4; lastKnownFileType = sourcecode.c.objc; path = HuesWindowController.m; sourceTree = "<group>"; };
		92FBF1181667049400BDC670 /* HuesWindowContentView.h */ = {isa = PBXFileReference; fileEncoding = 4; lastKnownFileType = sourcecode.c.h; path = HuesWindowContentView.h; sourceTree = "<group>"; };
		92FBF1191667049400BDC670 /* HuesWindowContentView.m */ = {isa = PBXFileReference; fileEncoding = 4; lastKnownFileType = sourcecode.c.objc; path = HuesWindowContentView.m; sourceTree = "<group>"; };
		A84020242F57497396E19593 /* libPods.a */ = {isa = PBXFileReference; explicitFileType = archive.ar; includeInIndex = 0; path = libPods.a; sourceTree = BUILT_PRODUCTS_DIR; };
		F008C1E6DBF74626A537436C /* libPods-test.a */ = {isa = PBXFileReference; explicitFileType = archive.ar; includeInIndex = 0; path = "libPods-test.a"; sourceTree = BUILT_PRODUCTS_DIR; };
		F8F6F48A4C034FEC92A3C4C7 /* Pods.xcconfig */ = {isa = PBXFileReference; includeInIndex = 1; lastKnownFileType = text.xcconfig; name = Pods.xcconfig; path = Pods/Pods.xcconfig; sourceTree = SOURCE_ROOT; };
/* End PBXFileReference section */

/* Begin PBXFrameworksBuildPhase section */
		9264FE5A1393EC9F00935FAC /* Frameworks */ = {
			isa = PBXFrameworksBuildPhase;
			buildActionMask = 2147483647;
			files = (
				9264FE621393EC9F00935FAC /* Cocoa.framework in Frameworks */,
				19C657B3150F44E685004A9E /* libPods.a in Frameworks */,
			);
			runOnlyForDeploymentPostprocessing = 0;
		};
		9264FE7A1393ECA000935FAC /* Frameworks */ = {
			isa = PBXFrameworksBuildPhase;
			buildActionMask = 2147483647;
			files = (
				9228C51D16F2B0D800C57A48 /* SenTestingKit.framework in Frameworks */,
				9264FE7F1393ECA000935FAC /* Cocoa.framework in Frameworks */,
				06B501FD72554FC6A5C25015 /* libPods-test.a in Frameworks */,
			);
			runOnlyForDeploymentPostprocessing = 0;
		};
/* End PBXFrameworksBuildPhase section */

/* Begin PBXGroup section */
		9264FE521393EC9F00935FAC = {
			isa = PBXGroup;
			children = (
				9264FE671393EC9F00935FAC /* Hues */,
				9264FE821393ECA000935FAC /* Tests */,
				9264FE601393EC9F00935FAC /* Frameworks */,
				9264FE5E1393EC9F00935FAC /* Products */,
				F8F6F48A4C034FEC92A3C4C7 /* Pods.xcconfig */,
				4D389B701E4D4819BA28ED8D /* Pods-test.xcconfig */,
			);
			sourceTree = "<group>";
			usesTabs = 1;
		};
		9264FE5E1393EC9F00935FAC /* Products */ = {
			isa = PBXGroup;
			children = (
				9264FE5D1393EC9F00935FAC /* Hues.app */,
				9264FE7E1393ECA000935FAC /* HuesTests.octest */,
			);
			name = Products;
			sourceTree = "<group>";
		};
		9264FE601393EC9F00935FAC /* Frameworks */ = {
			isa = PBXGroup;
			children = (
				9228C51C16F2B0D800C57A48 /* SenTestingKit.framework */,
				9264FE611393EC9F00935FAC /* Cocoa.framework */,
				9264FE631393EC9F00935FAC /* Other Frameworks */,
				A84020242F57497396E19593 /* libPods.a */,
				F008C1E6DBF74626A537436C /* libPods-test.a */,
			);
			name = Frameworks;
			sourceTree = "<group>";
		};
		9264FE631393EC9F00935FAC /* Other Frameworks */ = {
			isa = PBXGroup;
			children = (
				9264FE641393EC9F00935FAC /* AppKit.framework */,
				9264FE651393EC9F00935FAC /* CoreData.framework */,
				9264FE661393EC9F00935FAC /* Foundation.framework */,
			);
			name = "Other Frameworks";
			sourceTree = "<group>";
		};
		9264FE671393EC9F00935FAC /* Hues */ = {
			isa = PBXGroup;
			children = (
				928626AA1640281000DA16BE /* Application */,
				92E7D6B21393EFB70072C412 /* Categories */,
				92E7D6B51393EFEE0072C412 /* Models */,
				92E7D6B41393EFDC0072C412 /* Views */,
				92E7D6B31393EFC60072C412 /* Controllers */,
				92E7D6751393ECD10072C412 /* Interface */,
				9264FE681393EC9F00935FAC /* Supporting Files */,
				92E7D6771393ECDA0072C412 /* Resources */,
			);
			name = Hues;
			path = source;
			sourceTree = "<group>";
		};
		9264FE681393EC9F00935FAC /* Supporting Files */ = {
			isa = PBXGroup;
			children = (
				9264FE6E1393EC9F00935FAC /* main.m */,
				9264FE6D1393EC9F00935FAC /* Hues-Prefix.pch */,
				9264FE691393EC9F00935FAC /* Hues-Info.plist */,
				9264FE6A1393EC9F00935FAC /* InfoPlist.strings */,
				928626A81640262200DA16BE /* Hues.entitlements */,
				92E7D6951393ED1B0072C412 /* CHANGELOG.md */,
			);
			name = "Supporting Files";
			sourceTree = "<group>";
		};
		9264FE821393ECA000935FAC /* Tests */ = {
			isa = PBXGroup;
			children = (
				92E7D6B71393F1E70072C412 /* HuesColorTest.m */,
				92F13DC6178EFD3400E699E4 /* HuesColorParserTest.h */,
				92F13DC7178EFD3400E699E4 /* HuesColorParserTest.m */,
				9264FE831393ECA000935FAC /* Supporting Files */,
			);
			name = Tests;
			path = tests;
			sourceTree = "<group>";
		};
		9264FE831393ECA000935FAC /* Supporting Files */ = {
			isa = PBXGroup;
			children = (
				9264FE841393ECA000935FAC /* HuesTests-Info.plist */,
				9264FE851393ECA000935FAC /* InfoPlist.strings */,
				9264FE881393ECA000935FAC /* HuesTests-Prefix.pch */,
			);
			name = "Supporting Files";
			sourceTree = "<group>";
		};
		928626AA1640281000DA16BE /* Application */ = {
			isa = PBXGroup;
			children = (
				92AAF5B41642FEBE00DC09E8 /* HuesApplication.h */,
				92AAF5B51642FEBE00DC09E8 /* HuesApplication.m */,
				92E7D6781393ED080072C412 /* HuesAppDelegate.h */,
				92E7D6791393ED080072C412 /* HuesAppDelegate.m */,
			);
			name = Application;
			sourceTree = "<group>";
		};
		92E7D6751393ECD10072C412 /* Interface */ = {
			isa = PBXGroup;
			children = (
				92E7D6A81393EDFA0072C412 /* MainMenu.xib */,
				92E7D69C1393ED830072C412 /* HuesPreferences.xib */,
				92FBF1121666BFBB00BDC670 /* HuesWindowController.xib */,
				921A8E7D167FE757002FCC42 /* HuesRGBViewController.xib */,
				921A8E83167FE8E2002FCC42 /* HuesHSBViewController.xib */,
				923098B91680058700F98571 /* HuesColorWheelViewController.xib */,
			);
			name = Interface;
			sourceTree = "<group>";
		};
		92E7D6771393ECDA0072C412 /* Resources */ = {
			isa = PBXGroup;
			children = (
				9228C51416F16A7500C57A48 /* magnifier.png */,
				9228C51516F16A7500C57A48 /* magnifier@2x.png */,
				9228C51616F16A7500C57A48 /* slider-knob.png */,
				9228C51716F16A7500C57A48 /* slider-knob@2x.png */,
				9202B089147448C5001201EA /* hues_menubar_highlight.png */,
				9202B08A147448C5001201EA /* hues_menubar_normal.png */,
				92E7D6991393ED2E0072C412 /* hues_app_icon.icns */,
			);
			name = Resources;
			sourceTree = "<group>";
		};
		92E7D6B21393EFB70072C412 /* Categories */ = {
			isa = PBXGroup;
			children = (
				92E7D6861393ED080072C412 /* NSColor+Hues.h */,
				92E7D6871393ED080072C412 /* NSColor+Hues.m */,
				92E7D6881393ED080072C412 /* NSImage+Hues.h */,
				92E7D6891393ED080072C412 /* NSImage+Hues.m */,
				92F13DCD178F1F6100E699E4 /* NSScanner+Hues.h */,
				92F13DCE178F1F6100E699E4 /* NSScanner+Hues.m */,
			);
			name = Categories;
			sourceTree = "<group>";
		};
		92E7D6B31393EFC60072C412 /* Controllers */ = {
			isa = PBXGroup;
			children = (
				92E7D6841393ED080072C412 /* HuesPreferencesController.h */,
				92E7D6851393ED080072C412 /* HuesPreferencesController.m */,
				92FBF1151666C12700BDC670 /* HuesWindowController.h */,
				92FBF1161666C12700BDC670 /* HuesWindowController.m */,
				923098AD167FF2E700F98571 /* HuesMixerViewController.h */,
				923098AE167FF2E700F98571 /* HuesMixerViewController.m */,
				921A8E7B167FE757002FCC42 /* HuesRGBViewController.h */,
				921A8E7C167FE757002FCC42 /* HuesRGBViewController.m */,
				921A8E81167FE8E2002FCC42 /* HuesHSBViewController.h */,
				921A8E82167FE8E2002FCC42 /* HuesHSBViewController.m */,
				923098B71680058700F98571 /* HuesColorWheelViewController.h */,
				923098B81680058700F98571 /* HuesColorWheelViewController.m */,
			);
			name = Controllers;
			sourceTree = "<group>";
		};
		92E7D6B41393EFDC0072C412 /* Views */ = {
			isa = PBXGroup;
			children = (
				928626FE164031B600DA16BE /* HuesStatusItemView.h */,
				928626FF164031B600DA16BE /* HuesStatusItemView.m */,
				92FBF1181667049400BDC670 /* HuesWindowContentView.h */,
				92FBF1191667049400BDC670 /* HuesWindowContentView.m */,
				92E7D67A1393ED080072C412 /* HuesColorsView.h */,
				92E7D67B1393ED080072C412 /* HuesColorsView.m */,
				923CA14F1467394E003CC8BB /* HuesLoupeView.h */,
				923CA1501467394E003CC8BB /* HuesLoupeView.m */,
				923CA1511467394E003CC8BB /* HuesLoupeWindow.h */,
				923CA1521467394E003CC8BB /* HuesLoupeWindow.m */,
				921A8E4F167E6276002FCC42 /* HuesScopeBarView.h */,
				921A8E50167E6276002FCC42 /* HuesScopeBarView.m */,
				9286270516405BF000DA16BE /* HuesGradientLine.h */,
				9286270616405BF000DA16BE /* HuesGradientLine.m */,
				9234D51A167BDDB000A33702 /* HuesColorSlider.h */,
				9234D51B167BDDB000A33702 /* HuesColorSlider.m */,
				9234D51E167BDE0E00A33702 /* HuesColorSliderCell.h */,
				9234D51F167BDE0E00A33702 /* HuesColorSliderCell.m */,
				923098B11680012C00F98571 /* HuesHueColorSlider.h */,
				923098B21680012C00F98571 /* HuesHueColorSlider.m */,
				923098B41680016300F98571 /* HuesHueColorSliderCell.h */,
				923098B51680016300F98571 /* HuesHueColorSliderCell.m */,
				923098BC1680064D00F98571 /* HuesColorWheelView.h */,
				923098BD1680064D00F98571 /* HuesColorWheelView.m */,
				923098BF16800EBF00F98571 /* HuesColorWheelHueView.h */,
				923098C016800EBF00F98571 /* HuesColorWheelHueView.m */,
			);
			name = Views;
			sourceTree = "<group>";
		};
		92E7D6B51393EFEE0072C412 /* Models */ = {
			isa = PBXGroup;
			children = (
				92E7D67C1393ED080072C412 /* HuesDefines.h */,
				92E7D67D1393ED080072C412 /* HuesDefines.m */,
				92E7D67E1393ED080072C412 /* HuesHistoryManager.h */,
				92E7D67F1393ED080072C412 /* HuesHistoryManager.m */,
				92E7D6821393ED080072C412 /* HuesPreferences.h */,
				92E7D6831393ED080072C412 /* HuesPreferences.m */,
				92513EAD1760DFCC00ED644C /* HuesPalette.h */,
				92513EAE1760DFCC00ED644C /* HuesPalette.m */,
				92513EB117612B9F00ED644C /* HuesPaletteItem.h */,
				92513EB217612B9F00ED644C /* HuesPaletteItem.m */,
				92F13DC3178EFD0700E699E4 /* HuesColorParser.h */,
				92F13DC4178EFD0700E699E4 /* HuesColorParser.m */,
				92F13DCA178F00ED00E699E4 /* HuesColorFormatter.h */,
				92F13DCB178F00ED00E699E4 /* HuesColorFormatter.m */,
			);
			name = Models;
			sourceTree = "<group>";
		};
/* End PBXGroup section */

/* Begin PBXNativeTarget section */
		9264FE5C1393EC9F00935FAC /* Hues */ = {
			isa = PBXNativeTarget;
			buildConfigurationList = 9264FE8F1393ECA000935FAC /* Build configuration list for PBXNativeTarget "Hues" */;
			buildPhases = (
				9264FE591393EC9F00935FAC /* Sources */,
				9264FE5A1393EC9F00935FAC /* Frameworks */,
				9264FE5B1393EC9F00935FAC /* Resources */,
				E14492E26FB340F089DF6E69 /* Copy Pods Resources */,
			);
			buildRules = (
			);
			dependencies = (
			);
			name = Hues;
			productName = Hues;
			productReference = 9264FE5D1393EC9F00935FAC /* Hues.app */;
			productType = "com.apple.product-type.application";
		};
		9264FE7D1393ECA000935FAC /* HuesTests */ = {
			isa = PBXNativeTarget;
			buildConfigurationList = 9264FE921393ECA000935FAC /* Build configuration list for PBXNativeTarget "HuesTests" */;
			buildPhases = (
				9264FE791393ECA000935FAC /* Sources */,
				9264FE7A1393ECA000935FAC /* Frameworks */,
				9264FE7B1393ECA000935FAC /* Resources */,
				9264FE7C1393ECA000935FAC /* ShellScript */,
				CDA9C09AFE2A421CA57370A8 /* Copy Pods Resources */,
			);
			buildRules = (
			);
			dependencies = (
			);
			name = HuesTests;
			productName = HuesTests;
			productReference = 9264FE7E1393ECA000935FAC /* HuesTests.octest */;
			productType = "com.apple.product-type.bundle";
		};
/* End PBXNativeTarget section */

/* Begin PBXProject section */
		9264FE541393EC9F00935FAC /* Project object */ = {
			isa = PBXProject;
			attributes = {
				CLASSPREFIX = Hues;
				LastUpgradeCheck = 0460;
				ORGANIZATIONNAME = "Giant Comet";
			};
			buildConfigurationList = 9264FE571393EC9F00935FAC /* Build configuration list for PBXProject "Hues" */;
			compatibilityVersion = "Xcode 3.2";
			developmentRegion = English;
			hasScannedForEncodings = 0;
			knownRegions = (
				en,
				English,
			);
			mainGroup = 9264FE521393EC9F00935FAC;
			productRefGroup = 9264FE5E1393EC9F00935FAC /* Products */;
			projectDirPath = "";
			projectRoot = "";
			targets = (
				9264FE5C1393EC9F00935FAC /* Hues */,
				9264FE7D1393ECA000935FAC /* HuesTests */,
			);
		};
/* End PBXProject section */

/* Begin PBXResourcesBuildPhase section */
		9264FE5B1393EC9F00935FAC /* Resources */ = {
			isa = PBXResourcesBuildPhase;
			buildActionMask = 2147483647;
			files = (
				9264FE6C1393EC9F00935FAC /* InfoPlist.strings in Resources */,
				92E7D6981393ED1B0072C412 /* CHANGELOG.md in Resources */,
				92E7D69A1393ED2E0072C412 /* hues_app_icon.icns in Resources */,
				92E7D69E1393ED830072C412 /* HuesPreferences.xib in Resources */,
				92E7D6A91393EDFA0072C412 /* MainMenu.xib in Resources */,
				9202B08B147448C5001201EA /* hues_menubar_highlight.png in Resources */,
				9202B08C147448C5001201EA /* hues_menubar_normal.png in Resources */,
				92FBF1131666BFBB00BDC670 /* HuesWindowController.xib in Resources */,
				921A8E7F167FE757002FCC42 /* HuesRGBViewController.xib in Resources */,
				921A8E85167FE8E2002FCC42 /* HuesHSBViewController.xib in Resources */,
				923098BB1680058700F98571 /* HuesColorWheelViewController.xib in Resources */,
				9228C51816F16A7500C57A48 /* magnifier.png in Resources */,
				9228C51916F16A7500C57A48 /* magnifier@2x.png in Resources */,
				9228C51A16F16A7500C57A48 /* slider-knob.png in Resources */,
				9228C51B16F16A7500C57A48 /* slider-knob@2x.png in Resources */,
			);
			runOnlyForDeploymentPostprocessing = 0;
		};
		9264FE7B1393ECA000935FAC /* Resources */ = {
			isa = PBXResourcesBuildPhase;
			buildActionMask = 2147483647;
			files = (
				9264FE871393ECA000935FAC /* InfoPlist.strings in Resources */,
			);
			runOnlyForDeploymentPostprocessing = 0;
		};
/* End PBXResourcesBuildPhase section */

/* Begin PBXShellScriptBuildPhase section */
		9264FE7C1393ECA000935FAC /* ShellScript */ = {
			isa = PBXShellScriptBuildPhase;
			buildActionMask = 2147483647;
			files = (
			);
			inputPaths = (
			);
			outputPaths = (
			);
			runOnlyForDeploymentPostprocessing = 0;
			shellPath = /bin/sh;
			shellScript = "# Run the unit tests in this test bundle.\n\"${SYSTEM_DEVELOPER_DIR}/Tools/RunUnitTests\"\n";
		};
		CDA9C09AFE2A421CA57370A8 /* Copy Pods Resources */ = {
			isa = PBXShellScriptBuildPhase;
			buildActionMask = 2147483647;
			files = (
			);
			inputPaths = (
			);
			name = "Copy Pods Resources";
			outputPaths = (
			);
			runOnlyForDeploymentPostprocessing = 0;
			shellPath = /bin/sh;
			shellScript = "\"${SRCROOT}/Pods/Pods-test-resources.sh\"\n";
		};
		E14492E26FB340F089DF6E69 /* Copy Pods Resources */ = {
			isa = PBXShellScriptBuildPhase;
			buildActionMask = 2147483647;
			files = (
			);
			inputPaths = (
			);
			name = "Copy Pods Resources";
			outputPaths = (
			);
			runOnlyForDeploymentPostprocessing = 0;
			shellPath = /bin/sh;
			shellScript = "\"${SRCROOT}/Pods/Pods-resources.sh\"\n";
		};
/* End PBXShellScriptBuildPhase section */

/* Begin PBXSourcesBuildPhase section */
		9264FE591393EC9F00935FAC /* Sources */ = {
			isa = PBXSourcesBuildPhase;
			buildActionMask = 2147483647;
			files = (
				9264FE6F1393EC9F00935FAC /* main.m in Sources */,
				92E7D68A1393ED080072C412 /* HuesAppDelegate.m in Sources */,
				92E7D68B1393ED080072C412 /* HuesColorsView.m in Sources */,
				92E7D68C1393ED080072C412 /* HuesDefines.m in Sources */,
				92E7D68D1393ED080072C412 /* HuesHistoryManager.m in Sources */,
				92E7D68F1393ED080072C412 /* HuesPreferences.m in Sources */,
				92E7D6901393ED080072C412 /* HuesPreferencesController.m in Sources */,
				92E7D6911393ED080072C412 /* NSColor+Hues.m in Sources */,
				92E7D6921393ED080072C412 /* NSImage+Hues.m in Sources */,
				923CA1531467394E003CC8BB /* HuesLoupeView.m in Sources */,
				923CA1541467394E003CC8BB /* HuesLoupeWindow.m in Sources */,
				92862700164031B600DA16BE /* HuesStatusItemView.m in Sources */,
				9286270716405BF100DA16BE /* HuesGradientLine.m in Sources */,
				92AAF5B61642FEBF00DC09E8 /* HuesApplication.m in Sources */,
				92FBF1171666C12700BDC670 /* HuesWindowController.m in Sources */,
				92FBF11A1667049400BDC670 /* HuesWindowContentView.m in Sources */,
				9234D51C167BDDB000A33702 /* HuesColorSlider.m in Sources */,
				9234D520167BDE0E00A33702 /* HuesColorSliderCell.m in Sources */,
				921A8E51167E6276002FCC42 /* HuesScopeBarView.m in Sources */,
				921A8E7E167FE757002FCC42 /* HuesRGBViewController.m in Sources */,
				921A8E84167FE8E2002FCC42 /* HuesHSBViewController.m in Sources */,
				923098AF167FF2E700F98571 /* HuesMixerViewController.m in Sources */,
				923098B31680012C00F98571 /* HuesHueColorSlider.m in Sources */,
				923098B61680016300F98571 /* HuesHueColorSliderCell.m in Sources */,
				923098BA1680058700F98571 /* HuesColorWheelViewController.m in Sources */,
				923098BE1680064D00F98571 /* HuesColorWheelView.m in Sources */,
				923098C116800EBF00F98571 /* HuesColorWheelHueView.m in Sources */,
				92513EAF1760DFCD00ED644C /* HuesPalette.m in Sources */,
				92513EB317612BA000ED644C /* HuesPaletteItem.m in Sources */,
				92F13DC5178EFD0700E699E4 /* HuesColorParser.m in Sources */,
				92F13DCC178F00ED00E699E4 /* HuesColorFormatter.m in Sources */,
				92F13DCF178F1F6100E699E4 /* NSScanner+Hues.m in Sources */,
			);
			runOnlyForDeploymentPostprocessing = 0;
		};
		9264FE791393ECA000935FAC /* Sources */ = {
			isa = PBXSourcesBuildPhase;
			buildActionMask = 2147483647;
			files = (
				92E7D6B81393F1E70072C412 /* HuesColorTest.m in Sources */,
				928627081640693E00DA16BE /* NSColor+Hues.m in Sources */,
				9286270916406B5900DA16BE /* HuesPreferences.m in Sources */,
				92F13DC8178EFD3400E699E4 /* HuesColorParserTest.m in Sources */,
				92F13DC9178EFE8A00E699E4 /* HuesColorParser.m in Sources */,
			);
			runOnlyForDeploymentPostprocessing = 0;
		};
/* End PBXSourcesBuildPhase section */

/* Begin PBXVariantGroup section */
		9264FE6A1393EC9F00935FAC /* InfoPlist.strings */ = {
			isa = PBXVariantGroup;
			children = (
				9264FE6B1393EC9F00935FAC /* en */,
			);
			name = InfoPlist.strings;
			sourceTree = "<group>";
		};
		9264FE851393ECA000935FAC /* InfoPlist.strings */ = {
			isa = PBXVariantGroup;
			children = (
				9264FE861393ECA000935FAC /* en */,
			);
			name = InfoPlist.strings;
			sourceTree = "<group>";
		};
/* End PBXVariantGroup section */

/* Begin XCBuildConfiguration section */
		9264FE8D1393ECA000935FAC /* Debug */ = {
			isa = XCBuildConfiguration;
			buildSettings = {
				ARCHS = "$(ARCHS_STANDARD_32_64_BIT)";
				CLANG_WARN_CONSTANT_CONVERSION = YES;
				CLANG_WARN_ENUM_CONVERSION = YES;
				CLANG_WARN_INT_CONVERSION = YES;
				CLANG_WARN__DUPLICATE_METHOD_MATCH = YES;
				GCC_C_LANGUAGE_STANDARD = gnu99;
				GCC_OPTIMIZATION_LEVEL = 0;
				GCC_PREPROCESSOR_DEFINITIONS = DEBUG;
				GCC_SYMBOLS_PRIVATE_EXTERN = NO;
				GCC_VERSION = com.apple.compilers.llvm.clang.1_0;
				GCC_WARN_64_TO_32_BIT_CONVERSION = YES;
				GCC_WARN_ABOUT_RETURN_TYPE = YES;
				GCC_WARN_UNINITIALIZED_AUTOS = YES;
				GCC_WARN_UNUSED_VARIABLE = YES;
				MACOSX_DEPLOYMENT_TARGET = 10.7;
				ONLY_ACTIVE_ARCH = YES;
				SDKROOT = macosx;
			};
			name = Debug;
		};
		9264FE8E1393ECA000935FAC /* Release */ = {
			isa = XCBuildConfiguration;
			buildSettings = {
				ARCHS = "$(ARCHS_STANDARD_32_64_BIT)";
				CLANG_WARN_CONSTANT_CONVERSION = YES;
				CLANG_WARN_ENUM_CONVERSION = YES;
				CLANG_WARN_INT_CONVERSION = YES;
				CLANG_WARN__DUPLICATE_METHOD_MATCH = YES;
				GCC_C_LANGUAGE_STANDARD = gnu99;
				GCC_VERSION = com.apple.compilers.llvm.clang.1_0;
				GCC_WARN_64_TO_32_BIT_CONVERSION = YES;
				GCC_WARN_ABOUT_RETURN_TYPE = YES;
				GCC_WARN_UNINITIALIZED_AUTOS = YES;
				GCC_WARN_UNUSED_VARIABLE = YES;
				MACOSX_DEPLOYMENT_TARGET = 10.7;
				SDKROOT = macosx;
			};
			name = Release;
		};
		9264FE901393ECA000935FAC /* Debug */ = {
			isa = XCBuildConfiguration;
			baseConfigurationReference = F8F6F48A4C034FEC92A3C4C7 /* Pods.xcconfig */;
			buildSettings = {
				ARCHS = "$(ARCHS_STANDARD_64_BIT)";
				CLANG_ENABLE_OBJC_ARC = YES;
				CODE_SIGN_ENTITLEMENTS = Hues.entitlements;
				CODE_SIGN_IDENTITY = "Mac Developer";
				COMBINE_HIDPI_IMAGES = YES;
				COPY_PHASE_STRIP = NO;
				GCC_DYNAMIC_NO_PIC = NO;
				GCC_ENABLE_OBJC_EXCEPTIONS = YES;
				GCC_PRECOMPILE_PREFIX_HEADER = YES;
				GCC_PREFIX_HEADER = "source/Hues-Prefix.pch";
				GCC_VERSION = com.apple.compilers.llvm.clang.1_0;
				INFOPLIST_FILE = "source/Hues-Info.plist";
				MACOSX_DEPLOYMENT_TARGET = 10.7;
				PRODUCT_NAME = "$(TARGET_NAME)";
				PROVISIONING_PROFILE = "";
				WRAPPER_EXTENSION = app;
			};
			name = Debug;
		};
		9264FE911393ECA000935FAC /* Release */ = {
			isa = XCBuildConfiguration;
			baseConfigurationReference = F8F6F48A4C034FEC92A3C4C7 /* Pods.xcconfig */;
			buildSettings = {
				ARCHS = "$(ARCHS_STANDARD_64_BIT)";
				CLANG_ENABLE_OBJC_ARC = YES;
				CODE_SIGN_ENTITLEMENTS = Hues.entitlements;
				CODE_SIGN_IDENTITY = "Mac Developer";
				COMBINE_HIDPI_IMAGES = YES;
				COPY_PHASE_STRIP = YES;
				DEBUG_INFORMATION_FORMAT = "dwarf-with-dsym";
				GCC_ENABLE_OBJC_EXCEPTIONS = YES;
				GCC_PRECOMPILE_PREFIX_HEADER = YES;
				GCC_PREFIX_HEADER = "source/Hues-Prefix.pch";
				GCC_VERSION = com.apple.compilers.llvm.clang.1_0;
				INFOPLIST_FILE = "source/Hues-Info.plist";
				MACOSX_DEPLOYMENT_TARGET = 10.7;
				PRODUCT_NAME = "$(TARGET_NAME)";
				PROVISIONING_PROFILE = "";
				WRAPPER_EXTENSION = app;
			};
			name = Release;
		};
		9264FE931393ECA000935FAC /* Debug */ = {
			isa = XCBuildConfiguration;
			baseConfigurationReference = 4D389B701E4D4819BA28ED8D /* Pods-test.xcconfig */;
			buildSettings = {
				ARCHS = "$(ARCHS_STANDARD_64_BIT)";
				COMBINE_HIDPI_IMAGES = YES;
				COPY_PHASE_STRIP = NO;
				FRAMEWORK_SEARCH_PATHS = (
					"$(inherited)",
					"\"$(SYSTEM_APPS_DIR)/Xcode.app/Contents/Developer/Library/Frameworks\"",
				);
				GCC_DYNAMIC_NO_PIC = NO;
				GCC_ENABLE_OBJC_EXCEPTIONS = YES;
				GCC_PRECOMPILE_PREFIX_HEADER = YES;
				GCC_PREFIX_HEADER = "tests/HuesTests-Prefix.pch";
				INFOPLIST_FILE = "tests/HuesTests-Info.plist";
				MACOSX_DEPLOYMENT_TARGET = 10.7;
				PRODUCT_NAME = "$(TARGET_NAME)";
				VALID_ARCHS = x86_64;
				WRAPPER_EXTENSION = octest;
			};
			name = Debug;
		};
		9264FE941393ECA000935FAC /* Release */ = {
			isa = XCBuildConfiguration;
			baseConfigurationReference = 4D389B701E4D4819BA28ED8D /* Pods-test.xcconfig */;
			buildSettings = {
				ARCHS = "$(ARCHS_STANDARD_64_BIT)";
				COMBINE_HIDPI_IMAGES = YES;
				COPY_PHASE_STRIP = YES;
				DEBUG_INFORMATION_FORMAT = "dwarf-with-dsym";
				FRAMEWORK_SEARCH_PATHS = (
					"$(inherited)",
					"\"$(SYSTEM_APPS_DIR)/Xcode.app/Contents/Developer/Library/Frameworks\"",
				);
				GCC_ENABLE_OBJC_EXCEPTIONS = YES;
				GCC_PRECOMPILE_PREFIX_HEADER = YES;
				GCC_PREFIX_HEADER = "tests/HuesTests-Prefix.pch";
				INFOPLIST_FILE = "tests/HuesTests-Info.plist";
				MACOSX_DEPLOYMENT_TARGET = 10.7;
				PRODUCT_NAME = "$(TARGET_NAME)";
				VALID_ARCHS = x86_64;
				WRAPPER_EXTENSION = octest;
			};
			name = Release;
		};
/* End XCBuildConfiguration section */

/* Begin XCConfigurationList section */
		9264FE571393EC9F00935FAC /* Build configuration list for PBXProject "Hues" */ = {
			isa = XCConfigurationList;
			buildConfigurations = (
				9264FE8D1393ECA000935FAC /* Debug */,
				9264FE8E1393ECA000935FAC /* Release */,
			);
			defaultConfigurationIsVisible = 0;
			defaultConfigurationName = Release;
		};
		9264FE8F1393ECA000935FAC /* Build configuration list for PBXNativeTarget "Hues" */ = {
			isa = XCConfigurationList;
			buildConfigurations = (
				9264FE901393ECA000935FAC /* Debug */,
				9264FE911393ECA000935FAC /* Release */,
			);
			defaultConfigurationIsVisible = 0;
			defaultConfigurationName = Release;
		};
		9264FE921393ECA000935FAC /* Build configuration list for PBXNativeTarget "HuesTests" */ = {
			isa = XCConfigurationList;
			buildConfigurations = (
				9264FE931393ECA000935FAC /* Debug */,
				9264FE941393ECA000935FAC /* Release */,
			);
			defaultConfigurationIsVisible = 0;
			defaultConfigurationName = Release;
		};
/* End XCConfigurationList section */
	};
	rootObject = 9264FE541393EC9F00935FAC /* Project object */;
}
